// !$*UTF8*$!
{
	archiveVersion = 1;
	classes = {
	};
	objectVersion = 42;
	objects = {

/* Begin PBXBuildFile section */
		4E1820670C5F07E300F14902 /* BridgeSupport.m in Sources */ = {isa = PBXBuildFile; fileRef = 4E1820570C5F07E300F14902 /* BridgeSupport.m */; };
		4E1820680C5F07E300F14902 /* cls_objcid.m in Sources */ = {isa = PBXBuildFile; fileRef = 4E1820580C5F07E300F14902 /* cls_objcid.m */; };
		4E1820690C5F07E300F14902 /* cls_objcptr.m in Sources */ = {isa = PBXBuildFile; fileRef = 4E1820590C5F07E300F14902 /* cls_objcptr.m */; };
		4E18206A0C5F07E300F14902 /* libffi.m in Sources */ = {isa = PBXBuildFile; fileRef = 4E18205A0C5F07E300F14902 /* libffi.m */; };
		4E18206B0C5F07E300F14902 /* mdl_bundle_support.m in Sources */ = {isa = PBXBuildFile; fileRef = 4E18205B0C5F07E300F14902 /* mdl_bundle_support.m */; };
		4E18206C0C5F07E300F14902 /* mdl_objwrapper.m in Sources */ = {isa = PBXBuildFile; fileRef = 4E18205C0C5F07E300F14902 /* mdl_objwrapper.m */; };
		4E18206D0C5F07E300F14902 /* mdl_osxobjc.m in Sources */ = {isa = PBXBuildFile; fileRef = 4E18205D0C5F07E300F14902 /* mdl_osxobjc.m */; };
		4E18206E0C5F07E300F14902 /* ocdata_conv.m in Sources */ = {isa = PBXBuildFile; fileRef = 4E18205E0C5F07E300F14902 /* ocdata_conv.m */; };
		4E18206F0C5F07E300F14902 /* ocexception.m in Sources */ = {isa = PBXBuildFile; fileRef = 4E18205F0C5F07E300F14902 /* ocexception.m */; };
		4E1820700C5F07E300F14902 /* OverrideMixin.m in Sources */ = {isa = PBXBuildFile; fileRef = 4E1820600C5F07E300F14902 /* OverrideMixin.m */; };
		4E1820710C5F07E300F14902 /* RBClassUtils.m in Sources */ = {isa = PBXBuildFile; fileRef = 4E1820610C5F07E300F14902 /* RBClassUtils.m */; };
		4E1820720C5F07E300F14902 /* RBObject.m in Sources */ = {isa = PBXBuildFile; fileRef = 4E1820620C5F07E300F14902 /* RBObject.m */; };
		4E1820730C5F07E300F14902 /* RBRuntime.m in Sources */ = {isa = PBXBuildFile; fileRef = 4E1820630C5F07E300F14902 /* RBRuntime.m */; };
		4E1820740C5F07E300F14902 /* RBSlaveObject.m in Sources */ = {isa = PBXBuildFile; fileRef = 4E1820640C5F07E300F14902 /* RBSlaveObject.m */; };
		4E1820750C5F07E300F14902 /* RBThreadSwitcher.m in Sources */ = {isa = PBXBuildFile; fileRef = 4E1820650C5F07E300F14902 /* RBThreadSwitcher.m */; };
		4E1820760C5F07E300F14902 /* RubyCocoa.m in Sources */ = {isa = PBXBuildFile; fileRef = 4E1820660C5F07E300F14902 /* RubyCocoa.m */; };
		4E18208F0C5F087600F14902 /* active_record.rb in CopyFiles (ruby\osx) */ = {isa = PBXBuildFile; fileRef = 4E1820790C5F080F00F14902 /* active_record.rb */; };
		4E1820900C5F087600F14902 /* addressbook.rb in CopyFiles (ruby\osx) */ = {isa = PBXBuildFile; fileRef = 4E18207A0C5F080F00F14902 /* addressbook.rb */; };
		4E1820910C5F087600F14902 /* appkit.rb in CopyFiles (ruby\osx) */ = {isa = PBXBuildFile; fileRef = 4E18207B0C5F080F00F14902 /* appkit.rb */; };
		4E1820920C5F087600F14902 /* cocoa.rb in CopyFiles (ruby\osx) */ = {isa = PBXBuildFile; fileRef = 4E18207C0C5F080F00F14902 /* cocoa.rb */; };
		4E1820930C5F087600F14902 /* coredata.rb in CopyFiles (ruby\osx) */ = {isa = PBXBuildFile; fileRef = 4E18207D0C5F080F00F14902 /* coredata.rb */; };
		4E1820940C5F087600F14902 /* foundation.rb in CopyFiles (ruby\osx) */ = {isa = PBXBuildFile; fileRef = 4E18207E0C5F080F00F14902 /* foundation.rb */; };
		4E1820950C5F087600F14902 /* qtkit.rb in CopyFiles (ruby\osx) */ = {isa = PBXBuildFile; fileRef = 4E18207F0C5F080F00F14902 /* qtkit.rb */; };
		4E1820960C5F087600F14902 /* webkit.rb in CopyFiles (ruby\osx) */ = {isa = PBXBuildFile; fileRef = 4E1820800C5F080F00F14902 /* webkit.rb */; };
		4E1820A70C5F08C400F14902 /* active_record.rb in CopyFiles (ruby\osx\objc) */ = {isa = PBXBuildFile; fileRef = 4E1820970C5F08C400F14902 /* active_record.rb */; };
		4E1820A80C5F08C400F14902 /* application.rb in CopyFiles (ruby\osx\objc) */ = {isa = PBXBuildFile; fileRef = 4E1820980C5F08C400F14902 /* application.rb */; };
		4E1820A90C5F08C400F14902 /* cocoa_macros_appkit.rb in CopyFiles (ruby\osx\objc) */ = {isa = PBXBuildFile; fileRef = 4E1820990C5F08C400F14902 /* cocoa_macros_appkit.rb */; };
		4E1820AA0C5F08C400F14902 /* cocoa_macros.rb in CopyFiles (ruby\osx\objc) */ = {isa = PBXBuildFile; fileRef = 4E18209A0C5F08C400F14902 /* cocoa_macros.rb */; };
		4E1820AB0C5F08C400F14902 /* cocoa.rb in CopyFiles (ruby\osx\objc) */ = {isa = PBXBuildFile; fileRef = 4E18209B0C5F08C400F14902 /* cocoa.rb */; };
		4E1820AC0C5F08C400F14902 /* foundation.rb in CopyFiles (ruby\osx\objc) */ = {isa = PBXBuildFile; fileRef = 4E18209C0C5F08C400F14902 /* foundation.rb */; };
		4E1820AD0C5F08C400F14902 /* oc_all.rb in CopyFiles (ruby\osx\objc) */ = {isa = PBXBuildFile; fileRef = 4E18209D0C5F08C400F14902 /* oc_all.rb */; };
		4E1820AE0C5F08C400F14902 /* oc_attachments_appkit.rb in CopyFiles (ruby\osx\objc) */ = {isa = PBXBuildFile; fileRef = 4E18209E0C5F08C400F14902 /* oc_attachments_appkit.rb */; };
		4E1820AF0C5F08C400F14902 /* oc_attachments.rb in CopyFiles (ruby\osx\objc) */ = {isa = PBXBuildFile; fileRef = 4E18209F0C5F08C400F14902 /* oc_attachments.rb */; };
		4E1820B00C5F08C400F14902 /* oc_bundle_support.rb in CopyFiles (ruby\osx\objc) */ = {isa = PBXBuildFile; fileRef = 4E1820A00C5F08C400F14902 /* oc_bundle_support.rb */; };
		4E1820B10C5F08C400F14902 /* oc_exception.rb in CopyFiles (ruby\osx\objc) */ = {isa = PBXBuildFile; fileRef = 4E1820A10C5F08C400F14902 /* oc_exception.rb */; };
		4E1820B20C5F08C400F14902 /* oc_import.rb in CopyFiles (ruby\osx\objc) */ = {isa = PBXBuildFile; fileRef = 4E1820A20C5F08C400F14902 /* oc_import.rb */; };
		4E1820B30C5F08C400F14902 /* oc_types_appkit.rb in CopyFiles (ruby\osx\objc) */ = {isa = PBXBuildFile; fileRef = 4E1820A30C5F08C400F14902 /* oc_types_appkit.rb */; };
		4E1820B40C5F08C400F14902 /* oc_types.rb in CopyFiles (ruby\osx\objc) */ = {isa = PBXBuildFile; fileRef = 4E1820A40C5F08C400F14902 /* oc_types.rb */; };
		4E1820B50C5F08C400F14902 /* oc_wrapper.rb in CopyFiles (ruby\osx\objc) */ = {isa = PBXBuildFile; fileRef = 4E1820A50C5F08C400F14902 /* oc_wrapper.rb */; };
		4E1820B60C5F08C400F14902 /* ruby_addition.rb in CopyFiles (ruby\osx\objc) */ = {isa = PBXBuildFile; fileRef = 4E1820A60C5F08C400F14902 /* ruby_addition.rb */; };
		4E1820C40C5F098000F14902 /* osx_intern.h in Headers */ = {isa = PBXBuildFile; fileRef = 4E1820BF0C5F098000F14902 /* osx_intern.h */; settings = {ATTRIBUTES = (Public, ); }; };
		4E1820C50C5F098000F14902 /* osx_ruby.h in Headers */ = {isa = PBXBuildFile; fileRef = 4E1820C00C5F098000F14902 /* osx_ruby.h */; settings = {ATTRIBUTES = (Public, ); }; };
		4E1820C60C5F098000F14902 /* RBObject.h in Headers */ = {isa = PBXBuildFile; fileRef = 4E1820C10C5F098000F14902 /* RBObject.h */; settings = {ATTRIBUTES = (Public, ); }; };
		4E1820C70C5F098000F14902 /* RBRuntime.h in Headers */ = {isa = PBXBuildFile; fileRef = 4E1820C20C5F098000F14902 /* RBRuntime.h */; settings = {ATTRIBUTES = (Public, ); }; };
		4E1820C80C5F098000F14902 /* RubyCocoa.h in Headers */ = {isa = PBXBuildFile; fileRef = 4E1820C30C5F098000F14902 /* RubyCocoa.h */; settings = {ATTRIBUTES = (Public, ); }; };
		4E1822AE0C5F1D4B00F14902 /* Foundation.framework in Frameworks */ = {isa = PBXBuildFile; fileRef = 0867D69BFE84028FC02AAC07 /* Foundation.framework */; };
		8DC2EF530486A6940098B216 /* InfoPlist.strings in Resources */ = {isa = PBXBuildFile; fileRef = 089C1666FE841158C02AAC07 /* InfoPlist.strings */; };
/* End PBXBuildFile section */

/* Begin PBXCopyFilesBuildPhase section */
		4E1820890C5F082500F14902 /* CopyFiles (ruby\osx) */ = {
			isa = PBXCopyFilesBuildPhase;
			buildActionMask = 2147483647;
			dstPath = ruby/osx;
			dstSubfolderSpec = 7;
			files = (
				4E18208F0C5F087600F14902 /* active_record.rb in CopyFiles (ruby\osx) */,
				4E1820900C5F087600F14902 /* addressbook.rb in CopyFiles (ruby\osx) */,
				4E1820910C5F087600F14902 /* appkit.rb in CopyFiles (ruby\osx) */,
				4E1820920C5F087600F14902 /* cocoa.rb in CopyFiles (ruby\osx) */,
				4E1820930C5F087600F14902 /* coredata.rb in CopyFiles (ruby\osx) */,
				4E1820940C5F087600F14902 /* foundation.rb in CopyFiles (ruby\osx) */,
				4E1820950C5F087600F14902 /* qtkit.rb in CopyFiles (ruby\osx) */,
				4E1820960C5F087600F14902 /* webkit.rb in CopyFiles (ruby\osx) */,
			);
			name = "CopyFiles (ruby\\osx)";
			runOnlyForDeploymentPostprocessing = 0;
		};
		4E1820B70C5F08D200F14902 /* CopyFiles (ruby\osx\objc) */ = {
			isa = PBXCopyFilesBuildPhase;
			buildActionMask = 2147483647;
			dstPath = ruby/osx/objc;
			dstSubfolderSpec = 7;
			files = (
				4E1820A70C5F08C400F14902 /* active_record.rb in CopyFiles (ruby\osx\objc) */,
				4E1820A80C5F08C400F14902 /* application.rb in CopyFiles (ruby\osx\objc) */,
				4E1820AB0C5F08C400F14902 /* cocoa.rb in CopyFiles (ruby\osx\objc) */,
				4E1820AA0C5F08C400F14902 /* cocoa_macros.rb in CopyFiles (ruby\osx\objc) */,
				4E1820A90C5F08C400F14902 /* cocoa_macros_appkit.rb in CopyFiles (ruby\osx\objc) */,
				4E1820AC0C5F08C400F14902 /* foundation.rb in CopyFiles (ruby\osx\objc) */,
				4E1820AD0C5F08C400F14902 /* oc_all.rb in CopyFiles (ruby\osx\objc) */,
				4E1820AF0C5F08C400F14902 /* oc_attachments.rb in CopyFiles (ruby\osx\objc) */,
				4E1820AE0C5F08C400F14902 /* oc_attachments_appkit.rb in CopyFiles (ruby\osx\objc) */,
				4E1820B00C5F08C400F14902 /* oc_bundle_support.rb in CopyFiles (ruby\osx\objc) */,
				4E1820B10C5F08C400F14902 /* oc_exception.rb in CopyFiles (ruby\osx\objc) */,
				4E1820B20C5F08C400F14902 /* oc_import.rb in CopyFiles (ruby\osx\objc) */,
				4E1820B40C5F08C400F14902 /* oc_types.rb in CopyFiles (ruby\osx\objc) */,
				4E1820B30C5F08C400F14902 /* oc_types_appkit.rb in CopyFiles (ruby\osx\objc) */,
				4E1820B50C5F08C400F14902 /* oc_wrapper.rb in CopyFiles (ruby\osx\objc) */,
				4E1820B60C5F08C400F14902 /* ruby_addition.rb in CopyFiles (ruby\osx\objc) */,
			);
			name = "CopyFiles (ruby\\osx\\objc)";
			runOnlyForDeploymentPostprocessing = 0;
		};
/* End PBXCopyFilesBuildPhase section */

/* Begin PBXFileReference section */
		0867D69BFE84028FC02AAC07 /* Foundation.framework */ = {isa = PBXFileReference; lastKnownFileType = wrapper.framework; name = Foundation.framework; path = /System/Library/Frameworks/Foundation.framework; sourceTree = "<absolute>"; };
		089C1667FE841158C02AAC07 /* English */ = {isa = PBXFileReference; fileEncoding = 10; lastKnownFileType = text.plist.strings; name = English; path = English.lproj/InfoPlist.strings; sourceTree = "<group>"; };
		4E1820570C5F07E300F14902 /* BridgeSupport.m */ = {isa = PBXFileReference; fileEncoding = 4; lastKnownFileType = sourcecode.c.objc; name = BridgeSupport.m; path = objc/BridgeSupport.m; sourceTree = "<group>"; };
		4E1820580C5F07E300F14902 /* cls_objcid.m */ = {isa = PBXFileReference; fileEncoding = 4; lastKnownFileType = sourcecode.c.objc; name = cls_objcid.m; path = objc/cls_objcid.m; sourceTree = "<group>"; };
		4E1820590C5F07E300F14902 /* cls_objcptr.m */ = {isa = PBXFileReference; fileEncoding = 4; lastKnownFileType = sourcecode.c.objc; name = cls_objcptr.m; path = objc/cls_objcptr.m; sourceTree = "<group>"; };
		4E18205A0C5F07E300F14902 /* libffi.m */ = {isa = PBXFileReference; fileEncoding = 4; lastKnownFileType = sourcecode.c.objc; name = libffi.m; path = objc/libffi.m; sourceTree = "<group>"; };
		4E18205B0C5F07E300F14902 /* mdl_bundle_support.m */ = {isa = PBXFileReference; fileEncoding = 4; lastKnownFileType = sourcecode.c.objc; name = mdl_bundle_support.m; path = objc/mdl_bundle_support.m; sourceTree = "<group>"; };
		4E18205C0C5F07E300F14902 /* mdl_objwrapper.m */ = {isa = PBXFileReference; fileEncoding = 4; lastKnownFileType = sourcecode.c.objc; name = mdl_objwrapper.m; path = objc/mdl_objwrapper.m; sourceTree = "<group>"; };
		4E18205D0C5F07E300F14902 /* mdl_osxobjc.m */ = {isa = PBXFileReference; fileEncoding = 4; lastKnownFileType = sourcecode.c.objc; name = mdl_osxobjc.m; path = objc/mdl_osxobjc.m; sourceTree = "<group>"; };
		4E18205E0C5F07E300F14902 /* ocdata_conv.m */ = {isa = PBXFileReference; fileEncoding = 4; lastKnownFileType = sourcecode.c.objc; name = ocdata_conv.m; path = objc/ocdata_conv.m; sourceTree = "<group>"; };
		4E18205F0C5F07E300F14902 /* ocexception.m */ = {isa = PBXFileReference; fileEncoding = 4; lastKnownFileType = sourcecode.c.objc; name = ocexception.m; path = objc/ocexception.m; sourceTree = "<group>"; };
		4E1820600C5F07E300F14902 /* OverrideMixin.m */ = {isa = PBXFileReference; fileEncoding = 4; lastKnownFileType = sourcecode.c.objc; name = OverrideMixin.m; path = objc/OverrideMixin.m; sourceTree = "<group>"; };
		4E1820610C5F07E300F14902 /* RBClassUtils.m */ = {isa = PBXFileReference; fileEncoding = 4; lastKnownFileType = sourcecode.c.objc; name = RBClassUtils.m; path = objc/RBClassUtils.m; sourceTree = "<group>"; };
		4E1820620C5F07E300F14902 /* RBObject.m */ = {isa = PBXFileReference; fileEncoding = 4; lastKnownFileType = sourcecode.c.objc; name = RBObject.m; path = objc/RBObject.m; sourceTree = "<group>"; };
		4E1820630C5F07E300F14902 /* RBRuntime.m */ = {isa = PBXFileReference; fileEncoding = 4; lastKnownFileType = sourcecode.c.objc; name = RBRuntime.m; path = objc/RBRuntime.m; sourceTree = "<group>"; };
		4E1820640C5F07E300F14902 /* RBSlaveObject.m */ = {isa = PBXFileReference; fileEncoding = 4; lastKnownFileType = sourcecode.c.objc; name = RBSlaveObject.m; path = objc/RBSlaveObject.m; sourceTree = "<group>"; };
		4E1820650C5F07E300F14902 /* RBThreadSwitcher.m */ = {isa = PBXFileReference; fileEncoding = 4; lastKnownFileType = sourcecode.c.objc; name = RBThreadSwitcher.m; path = objc/RBThreadSwitcher.m; sourceTree = "<group>"; };
		4E1820660C5F07E300F14902 /* RubyCocoa.m */ = {isa = PBXFileReference; fileEncoding = 4; lastKnownFileType = sourcecode.c.objc; name = RubyCocoa.m; path = objc/RubyCocoa.m; sourceTree = "<group>"; };
		4E1820790C5F080F00F14902 /* active_record.rb */ = {isa = PBXFileReference; fileEncoding = 4; lastKnownFileType = text.script.ruby; name = active_record.rb; path = ruby/osx/active_record.rb; sourceTree = "<group>"; };
		4E18207A0C5F080F00F14902 /* addressbook.rb */ = {isa = PBXFileReference; fileEncoding = 4; lastKnownFileType = text.script.ruby; name = addressbook.rb; path = ruby/osx/addressbook.rb; sourceTree = "<group>"; };
		4E18207B0C5F080F00F14902 /* appkit.rb */ = {isa = PBXFileReference; fileEncoding = 4; lastKnownFileType = text.script.ruby; name = appkit.rb; path = ruby/osx/appkit.rb; sourceTree = "<group>"; };
		4E18207C0C5F080F00F14902 /* cocoa.rb */ = {isa = PBXFileReference; fileEncoding = 4; lastKnownFileType = text.script.ruby; name = cocoa.rb; path = ruby/osx/cocoa.rb; sourceTree = "<group>"; };
		4E18207D0C5F080F00F14902 /* coredata.rb */ = {isa = PBXFileReference; fileEncoding = 4; lastKnownFileType = text.script.ruby; name = coredata.rb; path = ruby/osx/coredata.rb; sourceTree = "<group>"; };
		4E18207E0C5F080F00F14902 /* foundation.rb */ = {isa = PBXFileReference; fileEncoding = 4; lastKnownFileType = text.script.ruby; name = foundation.rb; path = ruby/osx/foundation.rb; sourceTree = "<group>"; };
		4E18207F0C5F080F00F14902 /* qtkit.rb */ = {isa = PBXFileReference; fileEncoding = 4; lastKnownFileType = text.script.ruby; name = qtkit.rb; path = ruby/osx/qtkit.rb; sourceTree = "<group>"; };
		4E1820800C5F080F00F14902 /* webkit.rb */ = {isa = PBXFileReference; fileEncoding = 4; lastKnownFileType = text.script.ruby; name = webkit.rb; path = ruby/osx/webkit.rb; sourceTree = "<group>"; };
		4E1820970C5F08C400F14902 /* active_record.rb */ = {isa = PBXFileReference; fileEncoding = 4; lastKnownFileType = text.script.ruby; name = active_record.rb; path = ruby/osx/objc/active_record.rb; sourceTree = "<group>"; };
		4E1820980C5F08C400F14902 /* application.rb */ = {isa = PBXFileReference; fileEncoding = 4; lastKnownFileType = text.script.ruby; name = application.rb; path = ruby/osx/objc/application.rb; sourceTree = "<group>"; };
		4E1820990C5F08C400F14902 /* cocoa_macros_appkit.rb */ = {isa = PBXFileReference; fileEncoding = 4; lastKnownFileType = text.script.ruby; name = cocoa_macros_appkit.rb; path = ruby/osx/objc/cocoa_macros_appkit.rb; sourceTree = "<group>"; };
		4E18209A0C5F08C400F14902 /* cocoa_macros.rb */ = {isa = PBXFileReference; fileEncoding = 4; lastKnownFileType = text.script.ruby; name = cocoa_macros.rb; path = ruby/osx/objc/cocoa_macros.rb; sourceTree = "<group>"; };
		4E18209B0C5F08C400F14902 /* cocoa.rb */ = {isa = PBXFileReference; fileEncoding = 4; lastKnownFileType = text.script.ruby; name = cocoa.rb; path = ruby/osx/objc/cocoa.rb; sourceTree = "<group>"; };
		4E18209C0C5F08C400F14902 /* foundation.rb */ = {isa = PBXFileReference; fileEncoding = 4; lastKnownFileType = text.script.ruby; name = foundation.rb; path = ruby/osx/objc/foundation.rb; sourceTree = "<group>"; };
		4E18209D0C5F08C400F14902 /* oc_all.rb */ = {isa = PBXFileReference; fileEncoding = 4; lastKnownFileType = text.script.ruby; name = oc_all.rb; path = ruby/osx/objc/oc_all.rb; sourceTree = "<group>"; };
		4E18209E0C5F08C400F14902 /* oc_attachments_appkit.rb */ = {isa = PBXFileReference; fileEncoding = 4; lastKnownFileType = text.script.ruby; name = oc_attachments_appkit.rb; path = ruby/osx/objc/oc_attachments_appkit.rb; sourceTree = "<group>"; };
		4E18209F0C5F08C400F14902 /* oc_attachments.rb */ = {isa = PBXFileReference; fileEncoding = 4; lastKnownFileType = text.script.ruby; name = oc_attachments.rb; path = ruby/osx/objc/oc_attachments.rb; sourceTree = "<group>"; };
		4E1820A00C5F08C400F14902 /* oc_bundle_support.rb */ = {isa = PBXFileReference; fileEncoding = 4; lastKnownFileType = text.script.ruby; name = oc_bundle_support.rb; path = ruby/osx/objc/oc_bundle_support.rb; sourceTree = "<group>"; };
		4E1820A10C5F08C400F14902 /* oc_exception.rb */ = {isa = PBXFileReference; fileEncoding = 4; lastKnownFileType = text.script.ruby; name = oc_exception.rb; path = ruby/osx/objc/oc_exception.rb; sourceTree = "<group>"; };
		4E1820A20C5F08C400F14902 /* oc_import.rb */ = {isa = PBXFileReference; fileEncoding = 4; lastKnownFileType = text.script.ruby; name = oc_import.rb; path = ruby/osx/objc/oc_import.rb; sourceTree = "<group>"; };
		4E1820A30C5F08C400F14902 /* oc_types_appkit.rb */ = {isa = PBXFileReference; fileEncoding = 4; lastKnownFileType = text.script.ruby; name = oc_types_appkit.rb; path = ruby/osx/objc/oc_types_appkit.rb; sourceTree = "<group>"; };
		4E1820A40C5F08C400F14902 /* oc_types.rb */ = {isa = PBXFileReference; fileEncoding = 4; lastKnownFileType = text.script.ruby; name = oc_types.rb; path = ruby/osx/objc/oc_types.rb; sourceTree = "<group>"; };
		4E1820A50C5F08C400F14902 /* oc_wrapper.rb */ = {isa = PBXFileReference; fileEncoding = 4; lastKnownFileType = text.script.ruby; name = oc_wrapper.rb; path = ruby/osx/objc/oc_wrapper.rb; sourceTree = "<group>"; };
		4E1820A60C5F08C400F14902 /* ruby_addition.rb */ = {isa = PBXFileReference; fileEncoding = 4; lastKnownFileType = text.script.ruby; name = ruby_addition.rb; path = ruby/osx/objc/ruby_addition.rb; sourceTree = "<group>"; };
		4E1820BF0C5F098000F14902 /* osx_intern.h */ = {isa = PBXFileReference; fileEncoding = 4; lastKnownFileType = sourcecode.c.h; name = osx_intern.h; path = objc/osx_intern.h; sourceTree = "<group>"; };
		4E1820C00C5F098000F14902 /* osx_ruby.h */ = {isa = PBXFileReference; fileEncoding = 4; lastKnownFileType = sourcecode.c.h; name = osx_ruby.h; path = objc/osx_ruby.h; sourceTree = "<group>"; };
		4E1820C10C5F098000F14902 /* RBObject.h */ = {isa = PBXFileReference; fileEncoding = 4; lastKnownFileType = sourcecode.c.h; name = RBObject.h; path = objc/RBObject.h; sourceTree = "<group>"; };
		4E1820C20C5F098000F14902 /* RBRuntime.h */ = {isa = PBXFileReference; fileEncoding = 4; lastKnownFileType = sourcecode.c.h; name = RBRuntime.h; path = objc/RBRuntime.h; sourceTree = "<group>"; };
		4E1820C30C5F098000F14902 /* RubyCocoa.h */ = {isa = PBXFileReference; fileEncoding = 4; lastKnownFileType = sourcecode.c.h; name = RubyCocoa.h; path = objc/RubyCocoa.h; sourceTree = "<group>"; };
		4E1820D30C5F0B2100F14902 /* GeneratedConfig.xcconfig */ = {isa = PBXFileReference; fileEncoding = 4; lastKnownFileType = text.xcconfig; path = GeneratedConfig.xcconfig; sourceTree = "<group>"; };
		4E1822BE0C5F1DC900F14902 /* RubyCocoa.framework */ = {isa = PBXFileReference; explicitFileType = wrapper.framework; includeInIndex = 0; path = RubyCocoa.framework; sourceTree = BUILT_PRODUCTS_DIR; };
		8DC2EF5A0486A6940098B216 /* Info.plist */ = {isa = PBXFileReference; fileEncoding = 4; lastKnownFileType = text.plist; path = Info.plist; sourceTree = "<group>"; };
/* End PBXFileReference section */

/* Begin PBXFrameworksBuildPhase section */
		8DC2EF560486A6940098B216 /* Frameworks */ = {
			isa = PBXFrameworksBuildPhase;
			buildActionMask = 2147483647;
			files = (
				4E1822AE0C5F1D4B00F14902 /* Foundation.framework in Frameworks */,
			);
			runOnlyForDeploymentPostprocessing = 0;
		};
/* End PBXFrameworksBuildPhase section */

/* Begin PBXGroup section */
		0867D691FE84028FC02AAC07 /* RubyCocoa */ = {
			isa = PBXGroup;
			children = (
				4E1820D30C5F0B2100F14902 /* GeneratedConfig.xcconfig */,
				08FB77AEFE84172EC02AAC07 /* objc */,
				32C88DFF0371C24200C91783 /* ruby */,
				4E1820450C5ECBDD00F14902 /* Headers */,
				089C1665FE841158C02AAC07 /* Resources */,
				0867D69AFE84028FC02AAC07 /* External Frameworks and Libraries */,
				4E1822BD0C5F1DA100F14902 /* Products */,
			);
			name = RubyCocoa;
			sourceTree = "<group>";
		};
		0867D69AFE84028FC02AAC07 /* External Frameworks and Libraries */ = {
			isa = PBXGroup;
			children = (
				1058C7B0FEA5585E11CA2CBB /* Linked Frameworks */,
				1058C7B2FEA5585E11CA2CBB /* Other Frameworks */,
			);
			name = "External Frameworks and Libraries";
			sourceTree = "<group>";
		};
		089C1665FE841158C02AAC07 /* Resources */ = {
			isa = PBXGroup;
			children = (
				8DC2EF5A0486A6940098B216 /* Info.plist */,
				089C1666FE841158C02AAC07 /* InfoPlist.strings */,
			);
			name = Resources;
			sourceTree = "<group>";
		};
		08FB77AEFE84172EC02AAC07 /* objc */ = {
			isa = PBXGroup;
			children = (
				4E1820570C5F07E300F14902 /* BridgeSupport.m */,
				4E1820580C5F07E300F14902 /* cls_objcid.m */,
				4E1820590C5F07E300F14902 /* cls_objcptr.m */,
				4E18205A0C5F07E300F14902 /* libffi.m */,
				4E18205B0C5F07E300F14902 /* mdl_bundle_support.m */,
				4E18205C0C5F07E300F14902 /* mdl_objwrapper.m */,
				4E18205D0C5F07E300F14902 /* mdl_osxobjc.m */,
				4E18205E0C5F07E300F14902 /* ocdata_conv.m */,
				4E18205F0C5F07E300F14902 /* ocexception.m */,
				4E1820600C5F07E300F14902 /* OverrideMixin.m */,
				4E1820610C5F07E300F14902 /* RBClassUtils.m */,
				4E1820620C5F07E300F14902 /* RBObject.m */,
				4E1820630C5F07E300F14902 /* RBRuntime.m */,
				4E1820640C5F07E300F14902 /* RBSlaveObject.m */,
				4E1820650C5F07E300F14902 /* RBThreadSwitcher.m */,
				4E1820660C5F07E300F14902 /* RubyCocoa.m */,
			);
			name = objc;
			sourceTree = "<group>";
		};
		1058C7B0FEA5585E11CA2CBB /* Linked Frameworks */ = {
			isa = PBXGroup;
			children = (
				0867D69BFE84028FC02AAC07 /* Foundation.framework */,
			);
			name = "Linked Frameworks";
			sourceTree = "<group>";
		};
		1058C7B2FEA5585E11CA2CBB /* Other Frameworks */ = {
			isa = PBXGroup;
			children = (
			);
			name = "Other Frameworks";
			sourceTree = "<group>";
		};
		32C88DFF0371C24200C91783 /* ruby */ = {
			isa = PBXGroup;
			children = (
				4E1820770C5F07EF00F14902 /* osx */,
			);
			name = ruby;
			sourceTree = "<group>";
		};
		4E1820450C5ECBDD00F14902 /* Headers */ = {
			isa = PBXGroup;
			children = (
				4E1820BF0C5F098000F14902 /* osx_intern.h */,
				4E1820C00C5F098000F14902 /* osx_ruby.h */,
				4E1820C10C5F098000F14902 /* RBObject.h */,
				4E1820C20C5F098000F14902 /* RBRuntime.h */,
				4E1820C30C5F098000F14902 /* RubyCocoa.h */,
			);
			name = Headers;
			sourceTree = "<group>";
		};
		4E1820770C5F07EF00F14902 /* osx */ = {
			isa = PBXGroup;
			children = (
				4E1820790C5F080F00F14902 /* active_record.rb */,
				4E18207A0C5F080F00F14902 /* addressbook.rb */,
				4E18207B0C5F080F00F14902 /* appkit.rb */,
				4E18207C0C5F080F00F14902 /* cocoa.rb */,
				4E18207D0C5F080F00F14902 /* coredata.rb */,
				4E18207E0C5F080F00F14902 /* foundation.rb */,
				4E18207F0C5F080F00F14902 /* qtkit.rb */,
				4E1820800C5F080F00F14902 /* webkit.rb */,
				4E1820780C5F07F600F14902 /* objc */,
			);
			name = osx;
			sourceTree = "<group>";
		};
		4E1820780C5F07F600F14902 /* objc */ = {
			isa = PBXGroup;
			children = (
				4E1820970C5F08C400F14902 /* active_record.rb */,
				4E1820980C5F08C400F14902 /* application.rb */,
				4E1820990C5F08C400F14902 /* cocoa_macros_appkit.rb */,
				4E18209A0C5F08C400F14902 /* cocoa_macros.rb */,
				4E18209B0C5F08C400F14902 /* cocoa.rb */,
				4E18209C0C5F08C400F14902 /* foundation.rb */,
				4E18209D0C5F08C400F14902 /* oc_all.rb */,
				4E18209E0C5F08C400F14902 /* oc_attachments_appkit.rb */,
				4E18209F0C5F08C400F14902 /* oc_attachments.rb */,
				4E1820A00C5F08C400F14902 /* oc_bundle_support.rb */,
				4E1820A10C5F08C400F14902 /* oc_exception.rb */,
				4E1820A20C5F08C400F14902 /* oc_import.rb */,
				4E1820A30C5F08C400F14902 /* oc_types_appkit.rb */,
				4E1820A40C5F08C400F14902 /* oc_types.rb */,
				4E1820A50C5F08C400F14902 /* oc_wrapper.rb */,
				4E1820A60C5F08C400F14902 /* ruby_addition.rb */,
			);
			name = objc;
			sourceTree = "<group>";
		};
		4E1822BD0C5F1DA100F14902 /* Products */ = {
			isa = PBXGroup;
			children = (
				4E1822BE0C5F1DC900F14902 /* RubyCocoa.framework */,
			);
			name = Products;
			sourceTree = "<group>";
		};
/* End PBXGroup section */

/* Begin PBXHeadersBuildPhase section */
		8DC2EF500486A6940098B216 /* Headers */ = {
			isa = PBXHeadersBuildPhase;
			buildActionMask = 2147483647;
			files = (
				4E1820C40C5F098000F14902 /* osx_intern.h in Headers */,
				4E1820C50C5F098000F14902 /* osx_ruby.h in Headers */,
				4E1820C60C5F098000F14902 /* RBObject.h in Headers */,
				4E1820C70C5F098000F14902 /* RBRuntime.h in Headers */,
				4E1820C80C5F098000F14902 /* RubyCocoa.h in Headers */,
			);
			runOnlyForDeploymentPostprocessing = 0;
		};
/* End PBXHeadersBuildPhase section */

/* Begin PBXNativeTarget section */
		8DC2EF4F0486A6940098B216 /* RubyCocoa */ = {
			isa = PBXNativeTarget;
			buildConfigurationList = 1DEB91AD08733DA50010E9CD /* Build configuration list for PBXNativeTarget "RubyCocoa" */;
			buildPhases = (
				8DC2EF500486A6940098B216 /* Headers */,
				8DC2EF520486A6940098B216 /* Resources */,
				4E1820890C5F082500F14902 /* CopyFiles (ruby\osx) */,
				4E1820B70C5F08D200F14902 /* CopyFiles (ruby\osx\objc) */,
				8DC2EF540486A6940098B216 /* Sources */,
				8DC2EF560486A6940098B216 /* Frameworks */,
			);
			buildRules = (
			);
			dependencies = (
			);
			name = RubyCocoa;
			productInstallPath = "$(HOME)/Library/Frameworks";
			productName = RubyCocoa;
			productReference = 4E1822BE0C5F1DC900F14902 /* RubyCocoa.framework */;
			productType = "com.apple.product-type.framework";
		};
/* End PBXNativeTarget section */

/* Begin PBXProject section */
		0867D690FE84028FC02AAC07 /* Project object */ = {
			isa = PBXProject;
			buildConfigurationList = 1DEB91B108733DA50010E9CD /* Build configuration list for PBXProject "RubyCocoa" */;
			hasScannedForEncodings = 1;
			mainGroup = 0867D691FE84028FC02AAC07 /* RubyCocoa */;
			productRefGroup = 0867D691FE84028FC02AAC07 /* RubyCocoa */;
			projectDirPath = "";
			targets = (
				8DC2EF4F0486A6940098B216 /* RubyCocoa */,
			);
		};
/* End PBXProject section */

/* Begin PBXResourcesBuildPhase section */
		8DC2EF520486A6940098B216 /* Resources */ = {
			isa = PBXResourcesBuildPhase;
			buildActionMask = 2147483647;
			files = (
				8DC2EF530486A6940098B216 /* InfoPlist.strings in Resources */,
			);
			runOnlyForDeploymentPostprocessing = 0;
		};
/* End PBXResourcesBuildPhase section */

/* Begin PBXSourcesBuildPhase section */
		8DC2EF540486A6940098B216 /* Sources */ = {
			isa = PBXSourcesBuildPhase;
			buildActionMask = 2147483647;
			files = (
				4E1820670C5F07E300F14902 /* BridgeSupport.m in Sources */,
				4E1820680C5F07E300F14902 /* cls_objcid.m in Sources */,
				4E1820690C5F07E300F14902 /* cls_objcptr.m in Sources */,
				4E18206A0C5F07E300F14902 /* libffi.m in Sources */,
				4E18206B0C5F07E300F14902 /* mdl_bundle_support.m in Sources */,
				4E18206C0C5F07E300F14902 /* mdl_objwrapper.m in Sources */,
				4E18206D0C5F07E300F14902 /* mdl_osxobjc.m in Sources */,
				4E18206E0C5F07E300F14902 /* ocdata_conv.m in Sources */,
				4E18206F0C5F07E300F14902 /* ocexception.m in Sources */,
				4E1820700C5F07E300F14902 /* OverrideMixin.m in Sources */,
				4E1820710C5F07E300F14902 /* RBClassUtils.m in Sources */,
				4E1820720C5F07E300F14902 /* RBObject.m in Sources */,
				4E1820730C5F07E300F14902 /* RBRuntime.m in Sources */,
				4E1820740C5F07E300F14902 /* RBSlaveObject.m in Sources */,
				4E1820750C5F07E300F14902 /* RBThreadSwitcher.m in Sources */,
				4E1820760C5F07E300F14902 /* RubyCocoa.m in Sources */,
			);
			runOnlyForDeploymentPostprocessing = 0;
		};
/* End PBXSourcesBuildPhase section */

/* Begin PBXVariantGroup section */
		089C1666FE841158C02AAC07 /* InfoPlist.strings */ = {
			isa = PBXVariantGroup;
			children = (
				089C1667FE841158C02AAC07 /* English */,
			);
			name = InfoPlist.strings;
			sourceTree = "<group>";
		};
/* End PBXVariantGroup section */

/* Begin XCBuildConfiguration section */
		1DEB91AE08733DA50010E9CD /* Debug */ = {
			isa = XCBuildConfiguration;
			buildSettings = {
				COPY_PHASE_STRIP = NO;
				DYLIB_COMPATIBILITY_VERSION = 1;
				DYLIB_CURRENT_VERSION = 1;
				FRAMEWORK_VERSION = A;
				GCC_DYNAMIC_NO_PIC = NO;
				GCC_ENABLE_FIX_AND_CONTINUE = YES;
				GCC_MODEL_TUNING = "";
				GCC_OPTIMIZATION_LEVEL = 0;
				GCC_PRECOMPILE_PREFIX_HEADER = NO;
				GCC_PREFIX_HEADER = "";
				INFOPLIST_FILE = Info.plist;
				INFOPLIST_PREFIX_HEADER = objc/Version.h;
				INFOPLIST_PREPROCESS = YES;
				INSTALL_PATH = "$(inherited)";
				PRODUCT_NAME = RubyCocoa;
				SINGLE_MODULE = NO;
				WARNING_CFLAGS = (
					"-Wmost",
					"-Wno-four-char-constants",
					"-Wno-unknown-pragmas",
				);
				WRAPPER_EXTENSION = framework;
				ZERO_LINK = NO;
			};
			name = Debug;
		};
		1DEB91AF08733DA50010E9CD /* Release */ = {
			isa = XCBuildConfiguration;
			buildSettings = {
				ARCHS = (
					ppc,
					i386,
				);
				DYLIB_COMPATIBILITY_VERSION = 1;
				DYLIB_CURRENT_VERSION = 1;
				FRAMEWORK_VERSION = A;
				GCC_GENERATE_DEBUGGING_SYMBOLS = NO;
				GCC_MODEL_TUNING = "";
				GCC_PRECOMPILE_PREFIX_HEADER = NO;
				GCC_PREFIX_HEADER = "";
				INFOPLIST_FILE = Info.plist;
				INFOPLIST_PREFIX_HEADER = objc/Version.h;
				INFOPLIST_PREPROCESS = YES;
				INSTALL_PATH = "$(inherited)";
				PRODUCT_NAME = RubyCocoa;
				SINGLE_MODULE = NO;
				WARNING_CFLAGS = (
					"-Wmost",
					"-Wno-four-char-constants",
					"-Wno-unknown-pragmas",
				);
				WRAPPER_EXTENSION = framework;
				ZERO_LINK = NO;
			};
			name = Release;
		};
		1DEB91B208733DA50010E9CD /* Debug */ = {
			isa = XCBuildConfiguration;
			baseConfigurationReference = 4E1820D30C5F0B2100F14902 /* GeneratedConfig.xcconfig */;
			buildSettings = {
				GCC_MODEL_TUNING = "";
				GCC_OPTIMIZATION_LEVEL = 3;
				GCC_WARN_ABOUT_RETURN_TYPE = YES;
				GCC_WARN_UNUSED_VARIABLE = YES;
				PREBINDING = NO;
			};
			name = Debug;
		};
		1DEB91B308733DA50010E9CD /* Release */ = {
			isa = XCBuildConfiguration;
			baseConfigurationReference = 4E1820D30C5F0B2100F14902 /* GeneratedConfig.xcconfig */;
			buildSettings = {
				GCC_MODEL_TUNING = "";
				GCC_OPTIMIZATION_LEVEL = 3;
				GCC_WARN_ABOUT_RETURN_TYPE = YES;
				GCC_WARN_UNUSED_VARIABLE = YES;
				PREBINDING = NO;
			};
			name = Release;
		};
/* End XCBuildConfiguration section */

/* Begin XCConfigurationList section */
		1DEB91AD08733DA50010E9CD /* Build configuration list for PBXNativeTarget "RubyCocoa" */ = {
			isa = XCConfigurationList;
			buildConfigurations = (
				1DEB91AE08733DA50010E9CD /* Debug */,
				1DEB91AF08733DA50010E9CD /* Release */,
			);
			defaultConfigurationIsVisible = 0;
			defaultConfigurationName = Debug;
		};
		1DEB91B108733DA50010E9CD /* Build configuration list for PBXProject "RubyCocoa" */ = {
			isa = XCConfigurationList;
			buildConfigurations = (
				1DEB91B208733DA50010E9CD /* Debug */,
				1DEB91B308733DA50010E9CD /* Release */,
			);
			defaultConfigurationIsVisible = 0;
			defaultConfigurationName = Debug;
		};
/* End XCConfigurationList section */
	};
	rootObject = 0867D690FE84028FC02AAC07 /* Project object */;
}
