// !$*UTF8*$!
{
	archiveVersion = 1;
	classes = {
	};
	objectVersion = 42;
	objects = {

/* Begin PBXBuildFile section */
		4DFE2FB90B5548ED002A7B34 /* Foundation.framework in Frameworks */ = {isa = PBXBuildFile; fileRef = 0867D69BFE84028FC02AAC07 /* Foundation.framework */; };
		4E181EAE0C5DA11700F14902 /* BridgeSupport.m in Sources */ = {isa = PBXBuildFile; fileRef = 4E181E9E0C5DA11700F14902 /* BridgeSupport.m */; };
		4E181EAF0C5DA11700F14902 /* cls_objcid.m in Sources */ = {isa = PBXBuildFile; fileRef = 4E181E9F0C5DA11700F14902 /* cls_objcid.m */; };
		4E181EB00C5DA11700F14902 /* cls_objcptr.m in Sources */ = {isa = PBXBuildFile; fileRef = 4E181EA00C5DA11700F14902 /* cls_objcptr.m */; };
		4E181EB10C5DA11700F14902 /* libffi.m in Sources */ = {isa = PBXBuildFile; fileRef = 4E181EA10C5DA11700F14902 /* libffi.m */; };
		4E181EB20C5DA11700F14902 /* mdl_bundle_support.m in Sources */ = {isa = PBXBuildFile; fileRef = 4E181EA20C5DA11700F14902 /* mdl_bundle_support.m */; };
		4E181EB30C5DA11700F14902 /* mdl_objwrapper.m in Sources */ = {isa = PBXBuildFile; fileRef = 4E181EA30C5DA11700F14902 /* mdl_objwrapper.m */; };
		4E181EB40C5DA11700F14902 /* mdl_osxobjc.m in Sources */ = {isa = PBXBuildFile; fileRef = 4E181EA40C5DA11700F14902 /* mdl_osxobjc.m */; };
		4E181EB50C5DA11700F14902 /* ocdata_conv.m in Sources */ = {isa = PBXBuildFile; fileRef = 4E181EA50C5DA11700F14902 /* ocdata_conv.m */; };
		4E181EB60C5DA11700F14902 /* ocexception.m in Sources */ = {isa = PBXBuildFile; fileRef = 4E181EA60C5DA11700F14902 /* ocexception.m */; };
		4E181EB70C5DA11700F14902 /* OverrideMixin.m in Sources */ = {isa = PBXBuildFile; fileRef = 4E181EA70C5DA11700F14902 /* OverrideMixin.m */; };
		4E181EB80C5DA11700F14902 /* RBClassUtils.m in Sources */ = {isa = PBXBuildFile; fileRef = 4E181EA80C5DA11700F14902 /* RBClassUtils.m */; };
		4E181EB90C5DA11700F14902 /* RBObject.m in Sources */ = {isa = PBXBuildFile; fileRef = 4E181EA90C5DA11700F14902 /* RBObject.m */; };
		4E181EBA0C5DA11700F14902 /* RBRuntime.m in Sources */ = {isa = PBXBuildFile; fileRef = 4E181EAA0C5DA11700F14902 /* RBRuntime.m */; };
		4E181EBB0C5DA11700F14902 /* RBSlaveObject.m in Sources */ = {isa = PBXBuildFile; fileRef = 4E181EAB0C5DA11700F14902 /* RBSlaveObject.m */; };
		4E181EBC0C5DA11700F14902 /* RBThreadSwitcher.m in Sources */ = {isa = PBXBuildFile; fileRef = 4E181EAC0C5DA11700F14902 /* RBThreadSwitcher.m */; };
		4E181EBD0C5DA11700F14902 /* RubyCocoa.m in Sources */ = {isa = PBXBuildFile; fileRef = 4E181EAD0C5DA11700F14902 /* RubyCocoa.m */; };
		4E181EC80C5DA15600F14902 /* active_record.rb in CopyFiles */ = {isa = PBXBuildFile; fileRef = 4E181EC00C5DA15600F14902 /* active_record.rb */; };
		4E181EC90C5DA15600F14902 /* addressbook.rb in CopyFiles */ = {isa = PBXBuildFile; fileRef = 4E181EC10C5DA15600F14902 /* addressbook.rb */; };
		4E181ECA0C5DA15600F14902 /* appkit.rb in CopyFiles */ = {isa = PBXBuildFile; fileRef = 4E181EC20C5DA15600F14902 /* appkit.rb */; };
		4E181ECB0C5DA15600F14902 /* cocoa.rb in CopyFiles */ = {isa = PBXBuildFile; fileRef = 4E181EC30C5DA15600F14902 /* cocoa.rb */; };
		4E181ECC0C5DA15600F14902 /* coredata.rb in CopyFiles */ = {isa = PBXBuildFile; fileRef = 4E181EC40C5DA15600F14902 /* coredata.rb */; };
		4E181ECD0C5DA15600F14902 /* foundation.rb in CopyFiles */ = {isa = PBXBuildFile; fileRef = 4E181EC50C5DA15600F14902 /* foundation.rb */; };
		4E181ECE0C5DA15600F14902 /* qtkit.rb in CopyFiles */ = {isa = PBXBuildFile; fileRef = 4E181EC60C5DA15600F14902 /* qtkit.rb */; };
		4E181ECF0C5DA15600F14902 /* webkit.rb in CopyFiles */ = {isa = PBXBuildFile; fileRef = 4E181EC70C5DA15600F14902 /* webkit.rb */; };
		4E181EE80C5DA22400F14902 /* active_record.rb in CopyFiles */ = {isa = PBXBuildFile; fileRef = 4E181ED80C5DA22400F14902 /* active_record.rb */; };
		4E181EE90C5DA22400F14902 /* application.rb in CopyFiles */ = {isa = PBXBuildFile; fileRef = 4E181ED90C5DA22400F14902 /* application.rb */; };
		4E181EEA0C5DA22400F14902 /* cocoa_macros_appkit.rb in CopyFiles */ = {isa = PBXBuildFile; fileRef = 4E181EDA0C5DA22400F14902 /* cocoa_macros_appkit.rb */; };
		4E181EEB0C5DA22400F14902 /* cocoa_macros.rb in CopyFiles */ = {isa = PBXBuildFile; fileRef = 4E181EDB0C5DA22400F14902 /* cocoa_macros.rb */; };
		4E181EEC0C5DA22400F14902 /* cocoa.rb in CopyFiles */ = {isa = PBXBuildFile; fileRef = 4E181EDC0C5DA22400F14902 /* cocoa.rb */; };
		4E181EED0C5DA22400F14902 /* foundation.rb in CopyFiles */ = {isa = PBXBuildFile; fileRef = 4E181EDD0C5DA22400F14902 /* foundation.rb */; };
		4E181EEE0C5DA22400F14902 /* oc_all.rb in CopyFiles */ = {isa = PBXBuildFile; fileRef = 4E181EDE0C5DA22400F14902 /* oc_all.rb */; };
		4E181EEF0C5DA22400F14902 /* oc_attachments_appkit.rb in CopyFiles */ = {isa = PBXBuildFile; fileRef = 4E181EDF0C5DA22400F14902 /* oc_attachments_appkit.rb */; };
		4E181EF00C5DA22400F14902 /* oc_attachments.rb in CopyFiles */ = {isa = PBXBuildFile; fileRef = 4E181EE00C5DA22400F14902 /* oc_attachments.rb */; };
		4E181EF10C5DA22400F14902 /* oc_bundle_support.rb in CopyFiles */ = {isa = PBXBuildFile; fileRef = 4E181EE10C5DA22400F14902 /* oc_bundle_support.rb */; };
		4E181EF20C5DA22400F14902 /* oc_exception.rb in CopyFiles */ = {isa = PBXBuildFile; fileRef = 4E181EE20C5DA22400F14902 /* oc_exception.rb */; };
		4E181EF30C5DA22400F14902 /* oc_import.rb in CopyFiles */ = {isa = PBXBuildFile; fileRef = 4E181EE30C5DA22400F14902 /* oc_import.rb */; };
		4E181EF40C5DA22400F14902 /* oc_types_appkit.rb in CopyFiles */ = {isa = PBXBuildFile; fileRef = 4E181EE40C5DA22400F14902 /* oc_types_appkit.rb */; };
		4E181EF50C5DA22400F14902 /* oc_types.rb in CopyFiles */ = {isa = PBXBuildFile; fileRef = 4E181EE50C5DA22400F14902 /* oc_types.rb */; };
		4E181EF60C5DA22400F14902 /* oc_wrapper.rb in CopyFiles */ = {isa = PBXBuildFile; fileRef = 4E181EE60C5DA22400F14902 /* oc_wrapper.rb */; };
		4E181EF70C5DA22400F14902 /* ruby_addition.rb in CopyFiles */ = {isa = PBXBuildFile; fileRef = 4E181EE70C5DA22400F14902 /* ruby_addition.rb */; };
		4E181F3E0C5DA56E00F14902 /* osx_ruby.h in Headers */ = {isa = PBXBuildFile; fileRef = 4E181F3A0C5DA56E00F14902 /* osx_ruby.h */; };
		4E181F3F0C5DA56E00F14902 /* RBRuntime.h in Headers */ = {isa = PBXBuildFile; fileRef = 4E181F3B0C5DA56E00F14902 /* RBRuntime.h */; };
		4E181F400C5DA56E00F14902 /* RubyCocoa.h in Headers */ = {isa = PBXBuildFile; fileRef = 4E181F3C0C5DA56E00F14902 /* RubyCocoa.h */; };
		4E181F5A0C5DA63500F14902 /* RBObject.h in Headers */ = {isa = PBXBuildFile; fileRef = 4E181F590C5DA63500F14902 /* RBObject.h */; };
		4E181FD80C5EBBE300F14902 /* osx_intern.h in Headers */ = {isa = PBXBuildFile; fileRef = 4E181F390C5DA56E00F14902 /* osx_intern.h */; };
/* End PBXBuildFile section */

/* Begin PBXCopyFilesBuildPhase section */
		4E181ED00C5DA19800F14902 /* CopyFiles */ = {
			isa = PBXCopyFilesBuildPhase;
			buildActionMask = 2147483647;
			dstPath = ruby/osx;
			dstSubfolderSpec = 7;
			files = (
				4E181EC80C5DA15600F14902 /* active_record.rb in CopyFiles */,
				4E181EC90C5DA15600F14902 /* addressbook.rb in CopyFiles */,
				4E181ECA0C5DA15600F14902 /* appkit.rb in CopyFiles */,
				4E181ECB0C5DA15600F14902 /* cocoa.rb in CopyFiles */,
				4E181ECC0C5DA15600F14902 /* coredata.rb in CopyFiles */,
				4E181ECD0C5DA15600F14902 /* foundation.rb in CopyFiles */,
				4E181ECE0C5DA15600F14902 /* qtkit.rb in CopyFiles */,
				4E181ECF0C5DA15600F14902 /* webkit.rb in CopyFiles */,
			);
			runOnlyForDeploymentPostprocessing = 0;
		};
		4E181ED40C5DA1D800F14902 /* CopyFiles */ = {
			isa = PBXCopyFilesBuildPhase;
			buildActionMask = 2147483647;
			dstPath = ruby/osx/objc;
			dstSubfolderSpec = 7;
			files = (
				4E181EE80C5DA22400F14902 /* active_record.rb in CopyFiles */,
				4E181EE90C5DA22400F14902 /* application.rb in CopyFiles */,
				4E181EEC0C5DA22400F14902 /* cocoa.rb in CopyFiles */,
				4E181EEB0C5DA22400F14902 /* cocoa_macros.rb in CopyFiles */,
				4E181EEA0C5DA22400F14902 /* cocoa_macros_appkit.rb in CopyFiles */,
				4E181EED0C5DA22400F14902 /* foundation.rb in CopyFiles */,
				4E181EEE0C5DA22400F14902 /* oc_all.rb in CopyFiles */,
				4E181EF00C5DA22400F14902 /* oc_attachments.rb in CopyFiles */,
				4E181EEF0C5DA22400F14902 /* oc_attachments_appkit.rb in CopyFiles */,
				4E181EF10C5DA22400F14902 /* oc_bundle_support.rb in CopyFiles */,
				4E181EF20C5DA22400F14902 /* oc_exception.rb in CopyFiles */,
				4E181EF30C5DA22400F14902 /* oc_import.rb in CopyFiles */,
				4E181EF50C5DA22400F14902 /* oc_types.rb in CopyFiles */,
				4E181EF40C5DA22400F14902 /* oc_types_appkit.rb in CopyFiles */,
				4E181EF60C5DA22400F14902 /* oc_wrapper.rb in CopyFiles */,
				4E181EF70C5DA22400F14902 /* ruby_addition.rb in CopyFiles */,
			);
			runOnlyForDeploymentPostprocessing = 0;
		};
/* End PBXCopyFilesBuildPhase section */

/* Begin PBXFileReference section */
		0867D69BFE84028FC02AAC07 /* Foundation.framework */ = {isa = PBXFileReference; lastKnownFileType = wrapper.framework; name = Foundation.framework; path = /System/Library/Frameworks/Foundation.framework; sourceTree = "<absolute>"; };
		4E181E9E0C5DA11700F14902 /* BridgeSupport.m */ = {isa = PBXFileReference; fileEncoding = 4; lastKnownFileType = sourcecode.c.objc; name = BridgeSupport.m; path = objc/BridgeSupport.m; sourceTree = "<group>"; };
		4E181E9F0C5DA11700F14902 /* cls_objcid.m */ = {isa = PBXFileReference; fileEncoding = 4; lastKnownFileType = sourcecode.c.objc; name = cls_objcid.m; path = objc/cls_objcid.m; sourceTree = "<group>"; };
		4E181EA00C5DA11700F14902 /* cls_objcptr.m */ = {isa = PBXFileReference; fileEncoding = 4; lastKnownFileType = sourcecode.c.objc; name = cls_objcptr.m; path = objc/cls_objcptr.m; sourceTree = "<group>"; };
		4E181EA10C5DA11700F14902 /* libffi.m */ = {isa = PBXFileReference; fileEncoding = 4; lastKnownFileType = sourcecode.c.objc; name = libffi.m; path = objc/libffi.m; sourceTree = "<group>"; };
		4E181EA20C5DA11700F14902 /* mdl_bundle_support.m */ = {isa = PBXFileReference; fileEncoding = 4; lastKnownFileType = sourcecode.c.objc; name = mdl_bundle_support.m; path = objc/mdl_bundle_support.m; sourceTree = "<group>"; };
		4E181EA30C5DA11700F14902 /* mdl_objwrapper.m */ = {isa = PBXFileReference; fileEncoding = 4; lastKnownFileType = sourcecode.c.objc; name = mdl_objwrapper.m; path = objc/mdl_objwrapper.m; sourceTree = "<group>"; };
		4E181EA40C5DA11700F14902 /* mdl_osxobjc.m */ = {isa = PBXFileReference; fileEncoding = 4; lastKnownFileType = sourcecode.c.objc; name = mdl_osxobjc.m; path = objc/mdl_osxobjc.m; sourceTree = "<group>"; };
		4E181EA50C5DA11700F14902 /* ocdata_conv.m */ = {isa = PBXFileReference; fileEncoding = 4; lastKnownFileType = sourcecode.c.objc; name = ocdata_conv.m; path = objc/ocdata_conv.m; sourceTree = "<group>"; };
		4E181EA60C5DA11700F14902 /* ocexception.m */ = {isa = PBXFileReference; fileEncoding = 4; lastKnownFileType = sourcecode.c.objc; name = ocexception.m; path = objc/ocexception.m; sourceTree = "<group>"; };
		4E181EA70C5DA11700F14902 /* OverrideMixin.m */ = {isa = PBXFileReference; fileEncoding = 4; lastKnownFileType = sourcecode.c.objc; name = OverrideMixin.m; path = objc/OverrideMixin.m; sourceTree = "<group>"; };
		4E181EA80C5DA11700F14902 /* RBClassUtils.m */ = {isa = PBXFileReference; fileEncoding = 4; lastKnownFileType = sourcecode.c.objc; name = RBClassUtils.m; path = objc/RBClassUtils.m; sourceTree = "<group>"; };
		4E181EA90C5DA11700F14902 /* RBObject.m */ = {isa = PBXFileReference; fileEncoding = 4; lastKnownFileType = sourcecode.c.objc; name = RBObject.m; path = objc/RBObject.m; sourceTree = "<group>"; };
		4E181EAA0C5DA11700F14902 /* RBRuntime.m */ = {isa = PBXFileReference; fileEncoding = 4; lastKnownFileType = sourcecode.c.objc; name = RBRuntime.m; path = objc/RBRuntime.m; sourceTree = "<group>"; };
		4E181EAB0C5DA11700F14902 /* RBSlaveObject.m */ = {isa = PBXFileReference; fileEncoding = 4; lastKnownFileType = sourcecode.c.objc; name = RBSlaveObject.m; path = objc/RBSlaveObject.m; sourceTree = "<group>"; };
		4E181EAC0C5DA11700F14902 /* RBThreadSwitcher.m */ = {isa = PBXFileReference; fileEncoding = 4; lastKnownFileType = sourcecode.c.objc; name = RBThreadSwitcher.m; path = objc/RBThreadSwitcher.m; sourceTree = "<group>"; };
		4E181EAD0C5DA11700F14902 /* RubyCocoa.m */ = {isa = PBXFileReference; fileEncoding = 4; lastKnownFileType = sourcecode.c.objc; name = RubyCocoa.m; path = objc/RubyCocoa.m; sourceTree = "<group>"; };
		4E181EC00C5DA15600F14902 /* active_record.rb */ = {isa = PBXFileReference; fileEncoding = 4; lastKnownFileType = text.script.ruby; name = active_record.rb; path = ruby/osx/active_record.rb; sourceTree = "<group>"; };
		4E181EC10C5DA15600F14902 /* addressbook.rb */ = {isa = PBXFileReference; fileEncoding = 4; lastKnownFileType = text.script.ruby; name = addressbook.rb; path = ruby/osx/addressbook.rb; sourceTree = "<group>"; };
		4E181EC20C5DA15600F14902 /* appkit.rb */ = {isa = PBXFileReference; fileEncoding = 4; lastKnownFileType = text.script.ruby; name = appkit.rb; path = ruby/osx/appkit.rb; sourceTree = "<group>"; };
		4E181EC30C5DA15600F14902 /* cocoa.rb */ = {isa = PBXFileReference; fileEncoding = 4; lastKnownFileType = text.script.ruby; name = cocoa.rb; path = ruby/osx/cocoa.rb; sourceTree = "<group>"; };
		4E181EC40C5DA15600F14902 /* coredata.rb */ = {isa = PBXFileReference; fileEncoding = 4; lastKnownFileType = text.script.ruby; name = coredata.rb; path = ruby/osx/coredata.rb; sourceTree = "<group>"; };
		4E181EC50C5DA15600F14902 /* foundation.rb */ = {isa = PBXFileReference; fileEncoding = 4; lastKnownFileType = text.script.ruby; name = foundation.rb; path = ruby/osx/foundation.rb; sourceTree = "<group>"; };
		4E181EC60C5DA15600F14902 /* qtkit.rb */ = {isa = PBXFileReference; fileEncoding = 4; lastKnownFileType = text.script.ruby; name = qtkit.rb; path = ruby/osx/qtkit.rb; sourceTree = "<group>"; };
		4E181EC70C5DA15600F14902 /* webkit.rb */ = {isa = PBXFileReference; fileEncoding = 4; lastKnownFileType = text.script.ruby; name = webkit.rb; path = ruby/osx/webkit.rb; sourceTree = "<group>"; };
		4E181ED80C5DA22400F14902 /* active_record.rb */ = {isa = PBXFileReference; fileEncoding = 4; lastKnownFileType = text.script.ruby; name = active_record.rb; path = ruby/osx/objc/active_record.rb; sourceTree = "<group>"; };
		4E181ED90C5DA22400F14902 /* application.rb */ = {isa = PBXFileReference; fileEncoding = 4; lastKnownFileType = text.script.ruby; name = application.rb; path = ruby/osx/objc/application.rb; sourceTree = "<group>"; };
		4E181EDA0C5DA22400F14902 /* cocoa_macros_appkit.rb */ = {isa = PBXFileReference; fileEncoding = 4; lastKnownFileType = text.script.ruby; name = cocoa_macros_appkit.rb; path = ruby/osx/objc/cocoa_macros_appkit.rb; sourceTree = "<group>"; };
		4E181EDB0C5DA22400F14902 /* cocoa_macros.rb */ = {isa = PBXFileReference; fileEncoding = 4; lastKnownFileType = text.script.ruby; name = cocoa_macros.rb; path = ruby/osx/objc/cocoa_macros.rb; sourceTree = "<group>"; };
		4E181EDC0C5DA22400F14902 /* cocoa.rb */ = {isa = PBXFileReference; fileEncoding = 4; lastKnownFileType = text.script.ruby; name = cocoa.rb; path = ruby/osx/objc/cocoa.rb; sourceTree = "<group>"; };
		4E181EDD0C5DA22400F14902 /* foundation.rb */ = {isa = PBXFileReference; fileEncoding = 4; lastKnownFileType = text.script.ruby; name = foundation.rb; path = ruby/osx/objc/foundation.rb; sourceTree = "<group>"; };
		4E181EDE0C5DA22400F14902 /* oc_all.rb */ = {isa = PBXFileReference; fileEncoding = 4; lastKnownFileType = text.script.ruby; name = oc_all.rb; path = ruby/osx/objc/oc_all.rb; sourceTree = "<group>"; };
		4E181EDF0C5DA22400F14902 /* oc_attachments_appkit.rb */ = {isa = PBXFileReference; fileEncoding = 4; lastKnownFileType = text.script.ruby; name = oc_attachments_appkit.rb; path = ruby/osx/objc/oc_attachments_appkit.rb; sourceTree = "<group>"; };
		4E181EE00C5DA22400F14902 /* oc_attachments.rb */ = {isa = PBXFileReference; fileEncoding = 4; lastKnownFileType = text.script.ruby; name = oc_attachments.rb; path = ruby/osx/objc/oc_attachments.rb; sourceTree = "<group>"; };
		4E181EE10C5DA22400F14902 /* oc_bundle_support.rb */ = {isa = PBXFileReference; fileEncoding = 4; lastKnownFileType = text.script.ruby; name = oc_bundle_support.rb; path = ruby/osx/objc/oc_bundle_support.rb; sourceTree = "<group>"; };
		4E181EE20C5DA22400F14902 /* oc_exception.rb */ = {isa = PBXFileReference; fileEncoding = 4; lastKnownFileType = text.script.ruby; name = oc_exception.rb; path = ruby/osx/objc/oc_exception.rb; sourceTree = "<group>"; };
		4E181EE30C5DA22400F14902 /* oc_import.rb */ = {isa = PBXFileReference; fileEncoding = 4; lastKnownFileType = text.script.ruby; name = oc_import.rb; path = ruby/osx/objc/oc_import.rb; sourceTree = "<group>"; };
		4E181EE40C5DA22400F14902 /* oc_types_appkit.rb */ = {isa = PBXFileReference; fileEncoding = 4; lastKnownFileType = text.script.ruby; name = oc_types_appkit.rb; path = ruby/osx/objc/oc_types_appkit.rb; sourceTree = "<group>"; };
		4E181EE50C5DA22400F14902 /* oc_types.rb */ = {isa = PBXFileReference; fileEncoding = 4; lastKnownFileType = text.script.ruby; name = oc_types.rb; path = ruby/osx/objc/oc_types.rb; sourceTree = "<group>"; };
		4E181EE60C5DA22400F14902 /* oc_wrapper.rb */ = {isa = PBXFileReference; fileEncoding = 4; lastKnownFileType = text.script.ruby; name = oc_wrapper.rb; path = ruby/osx/objc/oc_wrapper.rb; sourceTree = "<group>"; };
		4E181EE70C5DA22400F14902 /* ruby_addition.rb */ = {isa = PBXFileReference; fileEncoding = 4; lastKnownFileType = text.script.ruby; name = ruby_addition.rb; path = ruby/osx/objc/ruby_addition.rb; sourceTree = "<group>"; };
		4E181F390C5DA56E00F14902 /* osx_intern.h */ = {isa = PBXFileReference; fileEncoding = 4; lastKnownFileType = sourcecode.c.h; name = osx_intern.h; path = objc/osx_intern.h; sourceTree = "<group>"; };
		4E181F3A0C5DA56E00F14902 /* osx_ruby.h */ = {isa = PBXFileReference; fileEncoding = 4; lastKnownFileType = sourcecode.c.h; name = osx_ruby.h; path = objc/osx_ruby.h; sourceTree = "<group>"; };
		4E181F3B0C5DA56E00F14902 /* RBRuntime.h */ = {isa = PBXFileReference; fileEncoding = 4; lastKnownFileType = sourcecode.c.h; name = RBRuntime.h; path = objc/RBRuntime.h; sourceTree = "<group>"; };
		4E181F3C0C5DA56E00F14902 /* RubyCocoa.h */ = {isa = PBXFileReference; fileEncoding = 4; lastKnownFileType = sourcecode.c.h; name = RubyCocoa.h; path = objc/RubyCocoa.h; sourceTree = "<group>"; };
		4E181F590C5DA63500F14902 /* RBObject.h */ = {isa = PBXFileReference; fileEncoding = 4; lastKnownFileType = sourcecode.c.h; name = RBObject.h; path = objc/RBObject.h; sourceTree = "<group>"; };
		FCDF92610A87E06A0002AD01 /* GeneratedConfig.xcconfig */ = {isa = PBXFileReference; fileEncoding = 4; lastKnownFileType = text.xcconfig; path = GeneratedConfig.xcconfig; sourceTree = "<group>"; };
		FCDF92A40A87E09E0002AD01 /* Info.plist */ = {isa = PBXFileReference; lastKnownFileType = text.xml; path = Info.plist; sourceTree = "<group>"; };
		FCDF92A50A87E09E0002AD01 /* RubyCocoa.framework */ = {isa = PBXFileReference; explicitFileType = wrapper.framework; includeInIndex = 0; path = RubyCocoa.framework; sourceTree = BUILT_PRODUCTS_DIR; };
/* End PBXFileReference section */

/* Begin PBXFrameworksBuildPhase section */
		FCDF929C0A87E09E0002AD01 /* Frameworks */ = {
			isa = PBXFrameworksBuildPhase;
			buildActionMask = 2147483647;
			files = (
				4DFE2FB90B5548ED002A7B34 /* Foundation.framework in Frameworks */,
			);
			runOnlyForDeploymentPostprocessing = 0;
		};
/* End PBXFrameworksBuildPhase section */

/* Begin PBXGroup section */
		034768DFFF38A50411DB9C8B /* Products */ = {
			isa = PBXGroup;
			children = (
				FCDF92A50A87E09E0002AD01 /* RubyCocoa.framework */,
			);
			name = Products;
			sourceTree = "<group>";
		};
		0867D691FE84028FC02AAC07 /* RubyCocoa */ = {
			isa = PBXGroup;
			children = (
				4E181F380C5DA46300F14902 /* headers */,
				4E181E9D0C5DA0AB00F14902 /* objc */,
				4E181E9C0C5DA09700F14902 /* ruby */,
				089C1665FE841158C02AAC07 /* Resources */,
				0867D69AFE84028FC02AAC07 /* External Frameworks and Libraries */,
				034768DFFF38A50411DB9C8B /* Products */,
				FCDF92610A87E06A0002AD01 /* GeneratedConfig.xcconfig */,
				FCDF92A40A87E09E0002AD01 /* Info.plist */,
			);
			name = RubyCocoa;
			sourceTree = "<group>";
		};
		0867D69AFE84028FC02AAC07 /* External Frameworks and Libraries */ = {
			isa = PBXGroup;
			children = (
				1058C7B0FEA5585E11CA2CBB /* Linked Frameworks */,
			);
			name = "External Frameworks and Libraries";
			sourceTree = "<group>";
		};
		089C1665FE841158C02AAC07 /* Resources */ = {
			isa = PBXGroup;
			children = (
			);
			name = Resources;
			sourceTree = "<group>";
		};
		1058C7B0FEA5585E11CA2CBB /* Linked Frameworks */ = {
			isa = PBXGroup;
			children = (
				0867D69BFE84028FC02AAC07 /* Foundation.framework */,
			);
			name = "Linked Frameworks";
			sourceTree = "<group>";
		};
		4E181E9C0C5DA09700F14902 /* ruby */ = {
			isa = PBXGroup;
			children = (
				4E181EBE0C5DA12800F14902 /* osx */,
			);
			name = ruby;
			sourceTree = "<group>";
		};
		4E181E9D0C5DA0AB00F14902 /* objc */ = {
			isa = PBXGroup;
			children = (
				4E181E9E0C5DA11700F14902 /* BridgeSupport.m */,
				4E181E9F0C5DA11700F14902 /* cls_objcid.m */,
				4E181EA00C5DA11700F14902 /* cls_objcptr.m */,
				4E181EA10C5DA11700F14902 /* libffi.m */,
				4E181EA20C5DA11700F14902 /* mdl_bundle_support.m */,
				4E181EA30C5DA11700F14902 /* mdl_objwrapper.m */,
				4E181EA40C5DA11700F14902 /* mdl_osxobjc.m */,
				4E181EA50C5DA11700F14902 /* ocdata_conv.m */,
				4E181EA60C5DA11700F14902 /* ocexception.m */,
				4E181EA70C5DA11700F14902 /* OverrideMixin.m */,
				4E181EA80C5DA11700F14902 /* RBClassUtils.m */,
				4E181EA90C5DA11700F14902 /* RBObject.m */,
				4E181EAA0C5DA11700F14902 /* RBRuntime.m */,
				4E181EAB0C5DA11700F14902 /* RBSlaveObject.m */,
				4E181EAC0C5DA11700F14902 /* RBThreadSwitcher.m */,
				4E181EAD0C5DA11700F14902 /* RubyCocoa.m */,
			);
			name = objc;
			sourceTree = "<group>";
		};
		4E181EBE0C5DA12800F14902 /* osx */ = {
			isa = PBXGroup;
			children = (
				4E181EC00C5DA15600F14902 /* active_record.rb */,
				4E181EC10C5DA15600F14902 /* addressbook.rb */,
				4E181EC20C5DA15600F14902 /* appkit.rb */,
				4E181EC30C5DA15600F14902 /* cocoa.rb */,
				4E181EC40C5DA15600F14902 /* coredata.rb */,
				4E181EC50C5DA15600F14902 /* foundation.rb */,
				4E181EC60C5DA15600F14902 /* qtkit.rb */,
				4E181EC70C5DA15600F14902 /* webkit.rb */,
				4E181EBF0C5DA12F00F14902 /* objc */,
			);
			name = osx;
			sourceTree = "<group>";
		};
		4E181EBF0C5DA12F00F14902 /* objc */ = {
			isa = PBXGroup;
			children = (
				4E181ED80C5DA22400F14902 /* active_record.rb */,
				4E181ED90C5DA22400F14902 /* application.rb */,
				4E181EDA0C5DA22400F14902 /* cocoa_macros_appkit.rb */,
				4E181EDB0C5DA22400F14902 /* cocoa_macros.rb */,
				4E181EDC0C5DA22400F14902 /* cocoa.rb */,
				4E181EDD0C5DA22400F14902 /* foundation.rb */,
				4E181EDE0C5DA22400F14902 /* oc_all.rb */,
				4E181EDF0C5DA22400F14902 /* oc_attachments_appkit.rb */,
				4E181EE00C5DA22400F14902 /* oc_attachments.rb */,
				4E181EE10C5DA22400F14902 /* oc_bundle_support.rb */,
				4E181EE20C5DA22400F14902 /* oc_exception.rb */,
				4E181EE30C5DA22400F14902 /* oc_import.rb */,
				4E181EE40C5DA22400F14902 /* oc_types_appkit.rb */,
				4E181EE50C5DA22400F14902 /* oc_types.rb */,
				4E181EE60C5DA22400F14902 /* oc_wrapper.rb */,
				4E181EE70C5DA22400F14902 /* ruby_addition.rb */,
			);
			name = objc;
			sourceTree = "<group>";
		};
		4E181F380C5DA46300F14902 /* headers */ = {
			isa = PBXGroup;
			children = (
				4E181F590C5DA63500F14902 /* RBObject.h */,
				4E181F390C5DA56E00F14902 /* osx_intern.h */,
				4E181F3A0C5DA56E00F14902 /* osx_ruby.h */,
				4E181F3B0C5DA56E00F14902 /* RBRuntime.h */,
				4E181F3C0C5DA56E00F14902 /* RubyCocoa.h */,
			);
			name = headers;
			sourceTree = "<group>";
		};
/* End PBXGroup section */

/* Begin PBXHeadersBuildPhase section */
		FCDF92640A87E09E0002AD01 /* Headers */ = {
			isa = PBXHeadersBuildPhase;
			buildActionMask = 2147483647;
			files = (
				4E181F3E0C5DA56E00F14902 /* osx_ruby.h in Headers */,
				4E181F3F0C5DA56E00F14902 /* RBRuntime.h in Headers */,
				4E181F400C5DA56E00F14902 /* RubyCocoa.h in Headers */,
				4E181F5A0C5DA63500F14902 /* RBObject.h in Headers */,
				4E181FD80C5EBBE300F14902 /* osx_intern.h in Headers */,
			);
			runOnlyForDeploymentPostprocessing = 0;
		};
/* End PBXHeadersBuildPhase section */

/* Begin PBXNativeTarget section */
		FCDF92630A87E09E0002AD01 /* RubyCocoa */ = {
			isa = PBXNativeTarget;
			buildConfigurationList = FCDF92A00A87E09E0002AD01 /* Build configuration list for PBXNativeTarget "RubyCocoa" */;
			buildPhases = (
				FCDF92640A87E09E0002AD01 /* Headers */,
				FCDF92740A87E09E0002AD01 /* Resources */,
				4E181ED00C5DA19800F14902 /* CopyFiles */,
				4E181ED40C5DA1D800F14902 /* CopyFiles */,
				FCDF928C0A87E09E0002AD01 /* Sources */,
				FCDF929C0A87E09E0002AD01 /* Frameworks */,
				FCDF929F0A87E09E0002AD01 /* Rez */,
				4D7AD1190BF2994500F1A2C6 /* ShellScript */,
			);
			buildRules = (
			);
			dependencies = (
			);
			name = RubyCocoa;
			productInstallPath = /Library/Frameworks;
			productName = RubyCocoa;
			productReference = FCDF92A50A87E09E0002AD01 /* RubyCocoa.framework */;
			productType = "com.apple.product-type.framework";
		};
/* End PBXNativeTarget section */

/* Begin PBXProject section */
		0867D690FE84028FC02AAC07 /* Project object */ = {
			isa = PBXProject;
			buildConfigurationList = FCDF92590A87DF820002AD01 /* Build configuration list for PBXProject "RubyCocoa" */;
			hasScannedForEncodings = 1;
			mainGroup = 0867D691FE84028FC02AAC07 /* RubyCocoa */;
			productRefGroup = 034768DFFF38A50411DB9C8B /* Products */;
			projectDirPath = "";
			projectRoot = "";
			targets = (
				FCDF92630A87E09E0002AD01 /* RubyCocoa */,
			);
		};
/* End PBXProject section */

/* Begin PBXResourcesBuildPhase section */
		FCDF92740A87E09E0002AD01 /* Resources */ = {
			isa = PBXResourcesBuildPhase;
			buildActionMask = 2147483647;
			files = (
			);
			runOnlyForDeploymentPostprocessing = 0;
		};
/* End PBXResourcesBuildPhase section */

/* Begin PBXRezBuildPhase section */
		FCDF929F0A87E09E0002AD01 /* Rez */ = {
			isa = PBXRezBuildPhase;
			buildActionMask = 2147483647;
			files = (
			);
			runOnlyForDeploymentPostprocessing = 0;
		};
/* End PBXRezBuildPhase section */

/* Begin PBXShellScriptBuildPhase section */
		4D7AD1190BF2994500F1A2C6 /* ShellScript */ = {
			isa = PBXShellScriptBuildPhase;
			buildActionMask = 12;
			files = (
			);
			inputPaths = (
			);
			outputPaths = (
			);
			runOnlyForDeploymentPostprocessing = 0;
			shellPath = /bin/sh;
			shellScript = "if [ -d bridge-support ]; then\n  rm -rf $BUILT_PRODUCTS_DIR/RubyCocoa.framework/Resources/BridgeSupport\n  mkdir -p $BUILT_PRODUCTS_DIR/RubyCocoa.framework/Resources/BridgeSupport\n  cp bridge-support/*.bridgesupport bridge-support/*.dylib $BUILT_PRODUCTS_DIR/RubyCocoa.framework/Resources/BridgeSupport\nfi";
		};
/* End PBXShellScriptBuildPhase section */

/* Begin PBXSourcesBuildPhase section */
		FCDF928C0A87E09E0002AD01 /* Sources */ = {
			isa = PBXSourcesBuildPhase;
			buildActionMask = 2147483647;
			files = (
				4E181EAE0C5DA11700F14902 /* BridgeSupport.m in Sources */,
				4E181EAF0C5DA11700F14902 /* cls_objcid.m in Sources */,
				4E181EB00C5DA11700F14902 /* cls_objcptr.m in Sources */,
				4E181EB10C5DA11700F14902 /* libffi.m in Sources */,
				4E181EB20C5DA11700F14902 /* mdl_bundle_support.m in Sources */,
				4E181EB30C5DA11700F14902 /* mdl_objwrapper.m in Sources */,
				4E181EB40C5DA11700F14902 /* mdl_osxobjc.m in Sources */,
				4E181EB50C5DA11700F14902 /* ocdata_conv.m in Sources */,
				4E181EB60C5DA11700F14902 /* ocexception.m in Sources */,
				4E181EB70C5DA11700F14902 /* OverrideMixin.m in Sources */,
				4E181EB80C5DA11700F14902 /* RBClassUtils.m in Sources */,
				4E181EB90C5DA11700F14902 /* RBObject.m in Sources */,
				4E181EBA0C5DA11700F14902 /* RBRuntime.m in Sources */,
				4E181EBB0C5DA11700F14902 /* RBSlaveObject.m in Sources */,
				4E181EBC0C5DA11700F14902 /* RBThreadSwitcher.m in Sources */,
				4E181EBD0C5DA11700F14902 /* RubyCocoa.m in Sources */,
			);
			runOnlyForDeploymentPostprocessing = 0;
		};
/* End PBXSourcesBuildPhase section */

/* Begin XCBuildConfiguration section */
		FCDF925A0A87DF820002AD01 /* Development */ = {
			isa = XCBuildConfiguration;
			baseConfigurationReference = FCDF92610A87E06A0002AD01 /* GeneratedConfig.xcconfig */;
			buildSettings = {
				GCC_MODEL_TUNING = "";
				GCC_OPTIMIZATION_LEVEL = 3;
				PRODUCT_NAME = RubyCocoa;
			};
			name = Development;
		};
		FCDF925B0A87DF820002AD01 /* Deployment */ = {
			isa = XCBuildConfiguration;
			baseConfigurationReference = FCDF92610A87E06A0002AD01 /* GeneratedConfig.xcconfig */;
			buildSettings = {
				GCC_MODEL_TUNING = "";
				GCC_OPTIMIZATION_LEVEL = 3;
				PRODUCT_NAME = RubyCocoa;
			};
			name = Deployment;
		};
		FCDF925C0A87DF820002AD01 /* Default */ = {
			isa = XCBuildConfiguration;
			baseConfigurationReference = FCDF92610A87E06A0002AD01 /* GeneratedConfig.xcconfig */;
			buildSettings = {
				GCC_MODEL_TUNING = "";
				GCC_OPTIMIZATION_LEVEL = 3;
				PRODUCT_NAME = RubyCocoa;
			};
			name = Default;
		};
		FCDF92A10A87E09E0002AD01 /* Development */ = {
			isa = XCBuildConfiguration;
			buildSettings = {
				COPY_PHASE_STRIP = NO;
				DYLIB_COMPATIBILITY_VERSION = 1;
				DYLIB_CURRENT_VERSION = 1;
				FRAMEWORK_SEARCH_PATHS = "";
				GCC_DYNAMIC_NO_PIC = NO;
				GCC_ENABLE_FIX_AND_CONTINUE = YES;
				GCC_GENERATE_DEBUGGING_SYMBOLS = YES;
				GCC_OPTIMIZATION_LEVEL = 0;
				GCC_SYMBOLS_PRIVATE_EXTERN = NO;
				INFOPLIST_FILE = Info.plist;
				INFOPLIST_PREFIX_HEADER = objc/Version.h;
				INFOPLIST_PREPROCESS = YES;
				OBJROOT = $SRCROOT/build;
				PREBINDING = NO;
				SECTORDER_FLAGS = "";
				SINGLE_MODULE = NO;
				SYMROOT = $SRCROOT/build;
				WARNING_CFLAGS = (
					"-Wmost",
					"-Wno-four-char-constants",
					"-Wno-unknown-pragmas",
				);
				WRAPPER_EXTENSION = framework;
				ZERO_LINK = NO;
			};
			name = Development;
		};
		FCDF92A20A87E09E0002AD01 /* Deployment */ = {
			isa = XCBuildConfiguration;
			buildSettings = {
				COPY_PHASE_STRIP = YES;
				DYLIB_COMPATIBILITY_VERSION = 1;
				DYLIB_CURRENT_VERSION = 1;
				FRAMEWORK_SEARCH_PATHS = "";
				GCC_ENABLE_FIX_AND_CONTINUE = NO;
				GCC_SYMBOLS_PRIVATE_EXTERN = NO;
				INFOPLIST_FILE = Info.plist;
				INFOPLIST_PREFIX_HEADER = objc/Version.h;
				INFOPLIST_PREPROCESS = YES;
				OBJROOT = $SRCROOT/build;
				PREBINDING = NO;
				SECTORDER_FLAGS = "";
				SINGLE_MODULE = NO;
				SYMROOT = $SRCROOT/build;
				WARNING_CFLAGS = (
					"-Wmost",
					"-Wno-four-char-constants",
					"-Wno-unknown-pragmas",
				);
				WRAPPER_EXTENSION = framework;
				ZERO_LINK = NO;
			};
			name = Deployment;
		};
		FCDF92A30A87E09E0002AD01 /* Default */ = {
			isa = XCBuildConfiguration;
			buildSettings = {
				DYLIB_COMPATIBILITY_VERSION = 1;
				DYLIB_CURRENT_VERSION = 1;
				FRAMEWORK_SEARCH_PATHS = "";
				GCC_SYMBOLS_PRIVATE_EXTERN = NO;
				INFOPLIST_FILE = Info.plist;
				INFOPLIST_PREFIX_HEADER = objc/Version.h;
				INFOPLIST_PREPROCESS = YES;
				OBJROOT = $SRCROOT/build;
				PREBINDING = NO;
				SECTORDER_FLAGS = "";
				SINGLE_MODULE = NO;
				SYMROOT = $SRCROOT/build;
				WARNING_CFLAGS = (
					"-Wmost",
					"-Wno-four-char-constants",
					"-Wno-unknown-pragmas",
				);
				WRAPPER_EXTENSION = framework;
			};
			name = Default;
		};
/* End XCBuildConfiguration section */

/* Begin XCConfigurationList section */
		FCDF92590A87DF820002AD01 /* Build configuration list for PBXProject "RubyCocoa" */ = {
			isa = XCConfigurationList;
			buildConfigurations = (
				FCDF925A0A87DF820002AD01 /* Development */,
				FCDF925B0A87DF820002AD01 /* Deployment */,
				FCDF925C0A87DF820002AD01 /* Default */,
			);
			defaultConfigurationIsVisible = 0;
			defaultConfigurationName = Default;
		};
		FCDF92A00A87E09E0002AD01 /* Build configuration list for PBXNativeTarget "RubyCocoa" */ = {
			isa = XCConfigurationList;
			buildConfigurations = (
				FCDF92A10A87E09E0002AD01 /* Development */,
				FCDF92A20A87E09E0002AD01 /* Deployment */,
				FCDF92A30A87E09E0002AD01 /* Default */,
			);
			defaultConfigurationIsVisible = 0;
			defaultConfigurationName = Default;
		};
/* End XCConfigurationList section */
	};
	rootObject = 0867D690FE84028FC02AAC07 /* Project object */;
}
