// !$*UTF8*$!
{
	archiveVersion = 1;
	classes = {
	};
	objectVersion = 42;
	objects = {

/* Begin PBXBuildFile section */
		A51010AE15EA463A000A9B95 /* Credits.rtf in Resources */ = {isa = PBXBuildFile; fileRef = 2A37F4B9FDCFA73011CA2CEA /* Credits.rtf */; };
		A51010AF15EA463A000A9B95 /* MainMenu.nib in Resources */ = {isa = PBXBuildFile; fileRef = 2A37F4B6FDCFA73011CA2CEA /* MainMenu.nib */; };
		A51010B015EA463A000A9B95 /* MyDocument.nib in Resources */ = {isa = PBXBuildFile; fileRef = 2A37F4B4FDCFA73011CA2CEA /* MyDocument.nib */; };
		A51010B115EA463A000A9B95 /* InfoPlist.strings in Resources */ = {isa = PBXBuildFile; fileRef = 089C165FFE840EACC02AAC07 /* InfoPlist.strings */; };
		A51010B215EA463A000A9B95 /* rb_main.rb in Resources */ = {isa = PBXBuildFile; fileRef = E8361CB10210F3BD03A81C6F /* rb_main.rb */; };
		A51010B315EA463A000A9B95 /* MyDocument.rb in Resources */ = {isa = PBXBuildFile; fileRef = E8361CB30210F40B03A81C6F /* MyDocument.rb */; };
		A51010B415EA463A000A9B95 /* Person.rb in Resources */ = {isa = PBXBuildFile; fileRef = E8DDC3AA03060FB20303F93B /* Person.rb */; };
		A51010B515EA463A000A9B95 /* BBall.icns in Resources */ = {isa = PBXBuildFile; fileRef = E8F4C483030CA6D4038C597D /* BBall.icns */; };
		A51010B615EA463A000A9B95 /* AppController.rb in Resources */ = {isa = PBXBuildFile; fileRef = E8A78C34030DF38C030F748B /* AppController.rb */; };
		A51010B715EA463A000A9B95 /* PreferenceController.rb in Resources */ = {isa = PBXBuildFile; fileRef = E8A78C36030DF531030F748B /* PreferenceController.rb */; };
		A51010B815EA463A000A9B95 /* Preferences.nib in Resources */ = {isa = PBXBuildFile; fileRef = E8A78C38030DF5DE030F748B /* Preferences.nib */; };
		A51010B915EA463A000A9B95 /* Localizable.strings in Resources */ = {isa = PBXBuildFile; fileRef = E823A3810314B84703A81C6F /* Localizable.strings */; };
		A51010BB15EA463A000A9B95 /* main.m in Sources */ = {isa = PBXBuildFile; fileRef = 2A37F4B0FDCFA73011CA2CEA /* main.m */; settings = {ATTRIBUTES = (); }; };
		A51010BD15EA463A000A9B95 /* Cocoa.framework in Frameworks */ = {isa = PBXBuildFile; fileRef = 1058C7A7FEA54F5311CA2CBB /* Cocoa.framework */; };
		A51010BE15EA463A000A9B95 /* RubyCocoa.framework in Frameworks */ = {isa = PBXBuildFile; fileRef = E8F5E23003ADAF6203A81C6F /* RubyCocoa.framework */; };
/* End PBXBuildFile section */

/* Begin PBXFileReference section */
		089C1660FE840EACC02AAC07 /* English */ = {isa = PBXFileReference; fileEncoding = 10; lastKnownFileType = text.plist.strings; name = English; path = English.lproj/InfoPlist.strings; sourceTree = "<group>"; };
		1058C7A7FEA54F5311CA2CBB /* Cocoa.framework */ = {isa = PBXFileReference; lastKnownFileType = wrapper.framework; name = Cocoa.framework; path = /System/Library/Frameworks/Cocoa.framework; sourceTree = "<absolute>"; };
		2A37F4B0FDCFA73011CA2CEA /* main.m */ = {isa = PBXFileReference; lastKnownFileType = sourcecode.c.objc; path = main.m; sourceTree = "<group>"; };
		2A37F4B5FDCFA73011CA2CEA /* English */ = {isa = PBXFileReference; lastKnownFileType = wrapper.nib; name = English; path = English.lproj/MyDocument.nib; sourceTree = "<group>"; };
		2A37F4B7FDCFA73011CA2CEA /* English */ = {isa = PBXFileReference; lastKnownFileType = wrapper.nib; name = English; path = English.lproj/MainMenu.nib; sourceTree = "<group>"; };
		2A37F4BAFDCFA73011CA2CEA /* English */ = {isa = PBXFileReference; lastKnownFileType = text.rtf; name = English; path = English.lproj/Credits.rtf; sourceTree = "<group>"; };
		2A37F4C4FDCFA73011CA2CEA /* AppKit.framework */ = {isa = PBXFileReference; lastKnownFileType = wrapper.framework; name = AppKit.framework; path = /System/Library/Frameworks/AppKit.framework; sourceTree = "<absolute>"; };
		2A37F4C5FDCFA73011CA2CEA /* Foundation.framework */ = {isa = PBXFileReference; lastKnownFileType = wrapper.framework; name = Foundation.framework; path = /System/Library/Frameworks/Foundation.framework; sourceTree = "<absolute>"; };
		A51010C315EA463A000A9B95 /* Info-RubyRaiseMan_____________.plist */ = {isa = PBXFileReference; lastKnownFileType = text.plist.xml; path = "Info-RubyRaiseMan_____________.plist"; sourceTree = "<group>"; };
		A51010C415EA463A000A9B95 /* RubyRaiseMan.app */ = {isa = PBXFileReference; explicitFileType = wrapper.application; includeInIndex = 0; path = RubyRaiseMan.app; sourceTree = BUILT_PRODUCTS_DIR; };
		E823A3820314B84703A81C6F /* English */ = {isa = PBXFileReference; lastKnownFileType = text.plist.strings; name = English; path = English.lproj/Localizable.strings; sourceTree = "<group>"; };
		E823A3840314B95803A81C6F /* Japanese */ = {isa = PBXFileReference; fileEncoding = 10; lastKnownFileType = text.plist.strings; name = Japanese; path = Japanese.lproj/Localizable.strings; sourceTree = "<group>"; };
		E823A3850314BC1003A81C6F /* Japanese */ = {isa = PBXFileReference; lastKnownFileType = wrapper.nib; name = Japanese; path = Japanese.lproj/MyDocument.nib; sourceTree = "<group>"; };
		E823A3860314BF7403A81C6F /* Japanese */ = {isa = PBXFileReference; lastKnownFileType = wrapper.nib; name = Japanese; path = Japanese.lproj/MainMenu.nib; sourceTree = "<group>"; };
		E833DBA30314C1B403A81C6F /* English */ = {isa = PBXFileReference; lastKnownFileType = wrapper.nib; name = English; path = English.lproj/Preferences.nib; sourceTree = "<group>"; };
		E8361CB10210F3BD03A81C6F /* rb_main.rb */ = {isa = PBXFileReference; lastKnownFileType = text.script.ruby; path = rb_main.rb; sourceTree = "<group>"; };
		E8361CB30210F40B03A81C6F /* MyDocument.rb */ = {isa = PBXFileReference; lastKnownFileType = text.script.ruby; path = MyDocument.rb; sourceTree = "<group>"; };
		E8A78C34030DF38C030F748B /* AppController.rb */ = {isa = PBXFileReference; lastKnownFileType = text.script.ruby; path = AppController.rb; sourceTree = "<group>"; };
		E8A78C36030DF531030F748B /* PreferenceController.rb */ = {isa = PBXFileReference; lastKnownFileType = text.script.ruby; path = PreferenceController.rb; sourceTree = "<group>"; };
		E8A78C3B030DF96B030F748B /* Japanese */ = {isa = PBXFileReference; lastKnownFileType = wrapper.nib; name = Japanese; path = Japanese.lproj/Preferences.nib; sourceTree = "<group>"; };
		E8DDC3AA03060FB20303F93B /* Person.rb */ = {isa = PBXFileReference; lastKnownFileType = text.script.ruby; path = Person.rb; sourceTree = "<group>"; };
		E8F4C483030CA6D4038C597D /* BBall.icns */ = {isa = PBXFileReference; lastKnownFileType = image.icns; path = BBall.icns; sourceTree = "<group>"; };
		E8F5E23003ADAF6203A81C6F /* RubyCocoa.framework */ = {isa = PBXFileReference; lastKnownFileType = wrapper.framework; name = RubyCocoa.framework; path = /Library/Frameworks/RubyCocoa.framework; sourceTree = "<absolute>"; };
/* End PBXFileReference section */

/* Begin PBXFrameworksBuildPhase section */
		A51010BC15EA463A000A9B95 /* Frameworks */ = {
			isa = PBXFrameworksBuildPhase;
			buildActionMask = 2147483647;
			files = (
				A51010BD15EA463A000A9B95 /* Cocoa.framework in Frameworks */,
				A51010BE15EA463A000A9B95 /* RubyCocoa.framework in Frameworks */,
			);
			runOnlyForDeploymentPostprocessing = 0;
		};
/* End PBXFrameworksBuildPhase section */

/* Begin PBXGroup section */
		1058C7A6FEA54F5311CA2CBB /* Linked Frameworks */ = {
			isa = PBXGroup;
			children = (
				1058C7A7FEA54F5311CA2CBB /* Cocoa.framework */,
				E8F5E23003ADAF6203A81C6F /* RubyCocoa.framework */,
			);
			name = "Linked Frameworks";
			sourceTree = "<group>";
		};
		1058C7A8FEA54F5311CA2CBB /* Other Frameworks */ = {
			isa = PBXGroup;
			children = (
				2A37F4C5FDCFA73011CA2CEA /* Foundation.framework */,
				2A37F4C4FDCFA73011CA2CEA /* AppKit.framework */,
			);
			name = "Other Frameworks";
			sourceTree = "<group>";
		};
		19C28FB0FE9D524F11CA2CBB /* Products */ = {
			isa = PBXGroup;
			children = (
				A51010C415EA463A000A9B95 /* RubyRaiseMan.app */,
			);
			name = Products;
			sourceTree = "<group>";
		};
		2A37F4AAFDCFA73011CA2CEA /* RubyRaiseMan */ = {
			isa = PBXGroup;
			children = (
				2A37F4ABFDCFA73011CA2CEA /* Classes */,
				2A37F4AFFDCFA73011CA2CEA /* Other Sources */,
				2A37F4B8FDCFA73011CA2CEA /* Resources */,
				2A37F4C3FDCFA73011CA2CEA /* Frameworks */,
				19C28FB0FE9D524F11CA2CBB /* Products */,
				A51010C315EA463A000A9B95 /* Info-RubyRaiseMan_____________.plist */,
			);
			name = RubyRaiseMan;
			sourceTree = "<group>";
		};
		2A37F4ABFDCFA73011CA2CEA /* Classes */ = {
			isa = PBXGroup;
			children = (
				E8361CB30210F40B03A81C6F /* MyDocument.rb */,
				E8DDC3AA03060FB20303F93B /* Person.rb */,
				E8A78C34030DF38C030F748B /* AppController.rb */,
				E8A78C36030DF531030F748B /* PreferenceController.rb */,
			);
			name = Classes;
			sourceTree = "<group>";
		};
		2A37F4AFFDCFA73011CA2CEA /* Other Sources */ = {
			isa = PBXGroup;
			children = (
				2A37F4B0FDCFA73011CA2CEA /* main.m */,
				E8361CB10210F3BD03A81C6F /* rb_main.rb */,
			);
			name = "Other Sources";
			sourceTree = "<group>";
		};
		2A37F4B8FDCFA73011CA2CEA /* Resources */ = {
			isa = PBXGroup;
			children = (
				E8F4C483030CA6D4038C597D /* BBall.icns */,
				2A37F4B9FDCFA73011CA2CEA /* Credits.rtf */,
				2A37F4B6FDCFA73011CA2CEA /* MainMenu.nib */,
				2A37F4B4FDCFA73011CA2CEA /* MyDocument.nib */,
				E8A78C38030DF5DE030F748B /* Preferences.nib */,
				089C165FFE840EACC02AAC07 /* InfoPlist.strings */,
				E823A3810314B84703A81C6F /* Localizable.strings */,
			);
			name = Resources;
			sourceTree = "<group>";
		};
		2A37F4C3FDCFA73011CA2CEA /* Frameworks */ = {
			isa = PBXGroup;
			children = (
				1058C7A6FEA54F5311CA2CBB /* Linked Frameworks */,
				1058C7A8FEA54F5311CA2CBB /* Other Frameworks */,
			);
			name = Frameworks;
			sourceTree = "<group>";
		};
/* End PBXGroup section */

/* Begin PBXHeadersBuildPhase section */
		A51010AC15EA463A000A9B95 /* Headers */ = {
			isa = PBXHeadersBuildPhase;
			buildActionMask = 2147483647;
			files = (
			);
			runOnlyForDeploymentPostprocessing = 0;
		};
/* End PBXHeadersBuildPhase section */

/* Begin PBXNativeTarget section */
		A51010AB15EA463A000A9B95 /* RubyRaiseMan */ = {
			isa = PBXNativeTarget;
			buildConfigurationList = A51010BF15EA463A000A9B95 /* Build configuration list for PBXNativeTarget "RubyRaiseMan" */;
			buildPhases = (
				A51010AC15EA463A000A9B95 /* Headers */,
				A51010AD15EA463A000A9B95 /* Resources */,
				A51010BA15EA463A000A9B95 /* Sources */,
				A51010BC15EA463A000A9B95 /* Frameworks */,
			);
			buildRules = (
			);
			dependencies = (
			);
			name = RubyRaiseMan;
			productInstallPath = "$(HOME)/Applications";
			productName = RubyRaiseMan;
			productReference = A51010C415EA463A000A9B95 /* RubyRaiseMan.app */;
			productType = "com.apple.product-type.application";
		};
/* End PBXNativeTarget section */

/* Begin PBXProject section */
		2A37F4A9FDCFA73011CA2CEA /* Project object */ = {
			isa = PBXProject;
			buildConfigurationList = 4DF32CB00AB98A5800EB2561 /* Build configuration list for PBXProject "RubyRaiseMan" */;
			compatibilityVersion = "Xcode 2.4";
			developmentRegion = English;
			hasScannedForEncodings = 0;
			knownRegions = (
				English,
				Japanese,
				French,
				German,
			);
			mainGroup = 2A37F4AAFDCFA73011CA2CEA /* RubyRaiseMan */;
			projectDirPath = "";
			projectRoot = "";
			targets = (
				A51010AB15EA463A000A9B95 /* RubyRaiseMan */,
			);
		};
/* End PBXProject section */

/* Begin PBXResourcesBuildPhase section */
		A51010AD15EA463A000A9B95 /* Resources */ = {
			isa = PBXResourcesBuildPhase;
			buildActionMask = 2147483647;
			files = (
				A51010AE15EA463A000A9B95 /* Credits.rtf in Resources */,
				A51010AF15EA463A000A9B95 /* MainMenu.nib in Resources */,
				A51010B015EA463A000A9B95 /* MyDocument.nib in Resources */,
				A51010B115EA463A000A9B95 /* InfoPlist.strings in Resources */,
				A51010B215EA463A000A9B95 /* rb_main.rb in Resources */,
				A51010B315EA463A000A9B95 /* MyDocument.rb in Resources */,
				A51010B415EA463A000A9B95 /* Person.rb in Resources */,
				A51010B515EA463A000A9B95 /* BBall.icns in Resources */,
				A51010B615EA463A000A9B95 /* AppController.rb in Resources */,
				A51010B715EA463A000A9B95 /* PreferenceController.rb in Resources */,
				A51010B815EA463A000A9B95 /* Preferences.nib in Resources */,
				A51010B915EA463A000A9B95 /* Localizable.strings in Resources */,
			);
			runOnlyForDeploymentPostprocessing = 0;
		};
/* End PBXResourcesBuildPhase section */

/* Begin PBXSourcesBuildPhase section */
		A51010BA15EA463A000A9B95 /* Sources */ = {
			isa = PBXSourcesBuildPhase;
			buildActionMask = 2147483647;
			files = (
				A51010BB15EA463A000A9B95 /* main.m in Sources */,
			);
			runOnlyForDeploymentPostprocessing = 0;
		};
/* End PBXSourcesBuildPhase section */

/* Begin PBXVariantGroup section */
		089C165FFE840EACC02AAC07 /* InfoPlist.strings */ = {
			isa = PBXVariantGroup;
			children = (
				089C1660FE840EACC02AAC07 /* English */,
			);
			name = InfoPlist.strings;
			sourceTree = "<group>";
		};
		2A37F4B4FDCFA73011CA2CEA /* MyDocument.nib */ = {
			isa = PBXVariantGroup;
			children = (
				2A37F4B5FDCFA73011CA2CEA /* English */,
				E823A3850314BC1003A81C6F /* Japanese */,
			);
			name = MyDocument.nib;
			sourceTree = "<group>";
		};
		2A37F4B6FDCFA73011CA2CEA /* MainMenu.nib */ = {
			isa = PBXVariantGroup;
			children = (
				2A37F4B7FDCFA73011CA2CEA /* English */,
				E823A3860314BF7403A81C6F /* Japanese */,
			);
			name = MainMenu.nib;
			sourceTree = "<group>";
		};
		2A37F4B9FDCFA73011CA2CEA /* Credits.rtf */ = {
			isa = PBXVariantGroup;
			children = (
				2A37F4BAFDCFA73011CA2CEA /* English */,
			);
			name = Credits.rtf;
			sourceTree = "<group>";
		};
		E823A3810314B84703A81C6F /* Localizable.strings */ = {
			isa = PBXVariantGroup;
			children = (
				E823A3820314B84703A81C6F /* English */,
				E823A3840314B95803A81C6F /* Japanese */,
			);
			name = Localizable.strings;
			sourceTree = "<group>";
		};
		E8A78C38030DF5DE030F748B /* Preferences.nib */ = {
			isa = PBXVariantGroup;
			children = (
				E833DBA30314C1B403A81C6F /* English */,
				E8A78C3B030DF96B030F748B /* Japanese */,
			);
			name = Preferences.nib;
			sourceTree = "<group>";
		};
/* End PBXVariantGroup section */

/* Begin XCBuildConfiguration section */
		4DF32CB10AB98A5800EB2561 /* Development */ = {
			isa = XCBuildConfiguration;
			buildSettings = {
			};
			name = Development;
		};
		4DF32CB20AB98A5800EB2561 /* Deployment */ = {
			isa = XCBuildConfiguration;
			buildSettings = {
			};
			name = Deployment;
		};
		4DF32CB30AB98A5800EB2561 /* Default */ = {
			isa = XCBuildConfiguration;
			buildSettings = {
			};
			name = Default;
		};
		A51010C015EA463A000A9B95 /* Development */ = {
			isa = XCBuildConfiguration;
			buildSettings = {
				COPY_PHASE_STRIP = NO;
				FRAMEWORK_SEARCH_PATHS = "/Library/Frameworks";
				GCC_DYNAMIC_NO_PIC = NO;
				GCC_ENABLE_FIX_AND_CONTINUE = YES;
				GCC_GENERATE_DEBUGGING_SYMBOLS = YES;
				GCC_OPTIMIZATION_LEVEL = 0;
				GCC_SYMBOLS_PRIVATE_EXTERN = NO;
				HEADER_SEARCH_PATHS = "";
				INFOPLIST_FILE = "Info-RubyRaiseMan_____________.plist";
				INSTALL_PATH = "$(HOME)/Applications";
				LIBRARY_SEARCH_PATHS = "";
				PREBINDING = NO;
				PRODUCT_NAME = RubyRaiseMan;
				SECTORDER_FLAGS = "";
				WARNING_CFLAGS = (
					"-Wmost",
					"-Wno-four-char-constants",
					"-Wno-unknown-pragmas",
				);
				WRAPPER_EXTENSION = app;
				ZERO_LINK = YES;
			};
			name = Development;
		};
		A51010C115EA463A000A9B95 /* Deployment */ = {
			isa = XCBuildConfiguration;
			buildSettings = {
				COPY_PHASE_STRIP = YES;
				FRAMEWORK_SEARCH_PATHS = "/Library/Frameworks";
				GCC_ENABLE_FIX_AND_CONTINUE = NO;
				GCC_SYMBOLS_PRIVATE_EXTERN = NO;
				HEADER_SEARCH_PATHS = "";
				INFOPLIST_FILE = "Info-RubyRaiseMan_____________.plist";
				INSTALL_PATH = "$(HOME)/Applications";
				LIBRARY_SEARCH_PATHS = "";
				PREBINDING = NO;
				PRODUCT_NAME = RubyRaiseMan;
				SECTORDER_FLAGS = "";
				WARNING_CFLAGS = (
					"-Wmost",
					"-Wno-four-char-constants",
					"-Wno-unknown-pragmas",
				);
				WRAPPER_EXTENSION = app;
				ZERO_LINK = NO;
			};
			name = Deployment;
		};
		A51010C215EA463A000A9B95 /* Default */ = {
			isa = XCBuildConfiguration;
			buildSettings = {
				FRAMEWORK_SEARCH_PATHS = "/Library/Frameworks";
				GCC_SYMBOLS_PRIVATE_EXTERN = NO;
				HEADER_SEARCH_PATHS = "";
				INFOPLIST_FILE = "Info-RubyRaiseMan_____________.plist";
				INSTALL_PATH = "$(HOME)/Applications";
				LIBRARY_SEARCH_PATHS = "";
				PREBINDING = NO;
				PRODUCT_NAME = RubyRaiseMan;
				SECTORDER_FLAGS = "";
				WARNING_CFLAGS = (
					"-Wmost",
					"-Wno-four-char-constants",
					"-Wno-unknown-pragmas",
				);
				WRAPPER_EXTENSION = app;
			};
			name = Default;
		};
/* End XCBuildConfiguration section */

/* Begin XCConfigurationList section */
		4DF32CB00AB98A5800EB2561 /* Build configuration list for PBXProject "RubyRaiseMan" */ = {
			isa = XCConfigurationList;
			buildConfigurations = (
				4DF32CB10AB98A5800EB2561 /* Development */,
				4DF32CB20AB98A5800EB2561 /* Deployment */,
				4DF32CB30AB98A5800EB2561 /* Default */,
			);
			defaultConfigurationIsVisible = 0;
			defaultConfigurationName = Default;
		};
		A51010BF15EA463A000A9B95 /* Build configuration list for PBXNativeTarget "RubyRaiseMan" */ = {
			isa = XCConfigurationList;
			buildConfigurations = (
				A51010C015EA463A000A9B95 /* Development */,
				A51010C115EA463A000A9B95 /* Deployment */,
				A51010C215EA463A000A9B95 /* Default */,
			);
			defaultConfigurationIsVisible = 0;
			defaultConfigurationName = Default;
		};
/* End XCConfigurationList section */
	};
	rootObject = 2A37F4A9FDCFA73011CA2CEA /* Project object */;
}
