// !$*UTF8*$!
{
	archiveVersion = 1;
	classes = {
	};
	objectVersion = 42;
	objects = {

/* Begin PBXBuildFile section */
		4DFE2FB90B5548ED002A7B34 /* Foundation.framework in Frameworks */ = {isa = PBXBuildFile; fileRef = 0867D69BFE84028FC02AAC07 /* Foundation.framework */; };
		4EACC7610C028851006372AD /* gen_bridge_doc.rb in CopyFiles */ = {isa = PBXBuildFile; fileRef = 4EACC75E0C028851006372AD /* gen_bridge_doc.rb */; };
		4EACC7620C028851006372AD /* rb_nibtool.rb in CopyFiles */ = {isa = PBXBuildFile; fileRef = 4EACC75F0C028851006372AD /* rb_nibtool.rb */; };
		4EACC7630C028851006372AD /* standaloneify.rb in CopyFiles */ = {isa = PBXBuildFile; fileRef = 4EACC7600C028851006372AD /* standaloneify.rb */; };
		A59B43A3181D48C300EB0486 /* module.map in CopyFiles */ = {isa = PBXBuildFile; fileRef = A59B439E181D471800EB0486 /* module.map */; };
		FCDF926A0A87E09E0002AD01 /* RBObject.h in Headers */ = {isa = PBXBuildFile; fileRef = E88C6D65035BB1F5031D1B90 /* RBObject.h */; settings = {ATTRIBUTES = (Public, ); }; };
		FCDF926B0A87E09E0002AD01 /* RBRuntime.h in Headers */ = {isa = PBXBuildFile; fileRef = E88C6D67035BB1F5031D1B90 /* RBRuntime.h */; settings = {ATTRIBUTES = (Public, ); }; };
		FCDF926D0A87E09E0002AD01 /* RubyCocoa.h in Headers */ = {isa = PBXBuildFile; fileRef = E88C6D6C035BB1F5031D1B90 /* RubyCocoa.h */; settings = {ATTRIBUTES = (Public, ); }; };
		FCDF92940A87E09E0002AD01 /* RBRuntime.m in Sources */ = {isa = PBXBuildFile; fileRef = E88C6D68035BB1F5031D1B90 /* RBRuntime.m */; };
/* End PBXBuildFile section */

/* Begin PBXCopyFilesBuildPhase section */
		4EACC7660C0288C8006372AD /* CopyFiles */ = {
			isa = PBXCopyFilesBuildPhase;
			buildActionMask = 2147483647;
			dstPath = Tools;
			dstSubfolderSpec = 6;
			files = (
				4EACC7610C028851006372AD /* gen_bridge_doc.rb in CopyFiles */,
				4EACC7620C028851006372AD /* rb_nibtool.rb in CopyFiles */,
				4EACC7630C028851006372AD /* standaloneify.rb in CopyFiles */,
			);
			runOnlyForDeploymentPostprocessing = 0;
		};
		A59B43A2181D48B000EB0486 /* CopyFiles */ = {
			isa = PBXCopyFilesBuildPhase;
			buildActionMask = 2147483647;
			dstPath = "";
			dstSubfolderSpec = 1;
			files = (
				A59B43A3181D48C300EB0486 /* module.map in CopyFiles */,
			);
			runOnlyForDeploymentPostprocessing = 0;
		};
		FCDF92770A87E09E0002AD01 /* CopyFiles */ = {
			isa = PBXCopyFilesBuildPhase;
			buildActionMask = 2147483647;
			dstPath = ruby/osx;
			dstSubfolderSpec = 7;
			files = (
			);
			runOnlyForDeploymentPostprocessing = 0;
		};
		FCDF927C0A87E09E0002AD01 /* CopyFiles */ = {
			isa = PBXCopyFilesBuildPhase;
			buildActionMask = 2147483647;
			dstPath = ruby/osx/objc;
			dstSubfolderSpec = 7;
			files = (
			);
			runOnlyForDeploymentPostprocessing = 0;
		};
/* End PBXCopyFilesBuildPhase section */

/* Begin PBXFileReference section */
		0867D69BFE84028FC02AAC07 /* Foundation.framework */ = {isa = PBXFileReference; lastKnownFileType = wrapper.framework; name = Foundation.framework; path = /System/Library/Frameworks/Foundation.framework; sourceTree = "<absolute>"; };
		4EACC75E0C028851006372AD /* gen_bridge_doc.rb */ = {isa = PBXFileReference; fileEncoding = 4; lastKnownFileType = text.script.ruby; name = gen_bridge_doc.rb; path = tool/gen_bridge_doc.rb; sourceTree = "<group>"; };
		4EACC75F0C028851006372AD /* rb_nibtool.rb */ = {isa = PBXFileReference; fileEncoding = 4; lastKnownFileType = text.script.ruby; name = rb_nibtool.rb; path = tool/rb_nibtool.rb; sourceTree = "<group>"; };
		4EACC7600C028851006372AD /* standaloneify.rb */ = {isa = PBXFileReference; fileEncoding = 4; lastKnownFileType = text.script.ruby; name = standaloneify.rb; path = tool/standaloneify.rb; sourceTree = "<group>"; };
		A59B439E181D471800EB0486 /* module.map */ = {isa = PBXFileReference; fileEncoding = 4; lastKnownFileType = text; path = module.map; sourceTree = "<group>"; };
		E88C6D65035BB1F5031D1B90 /* RBObject.h */ = {isa = PBXFileReference; lastKnownFileType = sourcecode.c.h; path = RBObject.h; sourceTree = "<group>"; };
		E88C6D67035BB1F5031D1B90 /* RBRuntime.h */ = {isa = PBXFileReference; lastKnownFileType = sourcecode.c.h; path = RBRuntime.h; sourceTree = "<group>"; };
		E88C6D68035BB1F5031D1B90 /* RBRuntime.m */ = {isa = PBXFileReference; lastKnownFileType = sourcecode.c.objc; path = RBRuntime.m; sourceTree = "<group>"; };
		E88C6D6C035BB1F5031D1B90 /* RubyCocoa.h */ = {isa = PBXFileReference; lastKnownFileType = sourcecode.c.h; path = RubyCocoa.h; sourceTree = "<group>"; };
		FCDF92610A87E06A0002AD01 /* GeneratedConfig.xcconfig */ = {isa = PBXFileReference; fileEncoding = 4; lastKnownFileType = text.xcconfig; path = GeneratedConfig.xcconfig; sourceTree = "<group>"; };
		FCDF92A40A87E09E0002AD01 /* Info.plist */ = {isa = PBXFileReference; lastKnownFileType = text.plist.xml; path = Info.plist; sourceTree = "<group>"; };
		FCDF92A50A87E09E0002AD01 /* RubyCocoa.framework */ = {isa = PBXFileReference; explicitFileType = wrapper.framework; includeInIndex = 0; path = RubyCocoa.framework; sourceTree = BUILT_PRODUCTS_DIR; };
/* End PBXFileReference section */

/* Begin PBXFrameworksBuildPhase section */
		FCDF929C0A87E09E0002AD01 /* Frameworks */ = {
			isa = PBXFrameworksBuildPhase;
			buildActionMask = 2147483647;
			files = (
				4DFE2FB90B5548ED002A7B34 /* Foundation.framework in Frameworks */,
			);
			runOnlyForDeploymentPostprocessing = 0;
		};
/* End PBXFrameworksBuildPhase section */

/* Begin PBXGroup section */
		034768DFFF38A50411DB9C8B /* Products */ = {
			isa = PBXGroup;
			children = (
				FCDF92A50A87E09E0002AD01 /* RubyCocoa.framework */,
			);
			name = Products;
			sourceTree = "<group>";
		};
		0867D691FE84028FC02AAC07 /* RubyCocoa */ = {
			isa = PBXGroup;
			children = (
				E8E03A17035D04E103E1EA43 /* src */,
				089C1665FE841158C02AAC07 /* Resources */,
				4EACC75D0C02883D006372AD /* Tools */,
				0867D69AFE84028FC02AAC07 /* External Frameworks and Libraries */,
				034768DFFF38A50411DB9C8B /* Products */,
				FCDF92610A87E06A0002AD01 /* GeneratedConfig.xcconfig */,
				FCDF92A40A87E09E0002AD01 /* Info.plist */,
			);
			name = RubyCocoa;
			sourceTree = "<group>";
		};
		0867D69AFE84028FC02AAC07 /* External Frameworks and Libraries */ = {
			isa = PBXGroup;
			children = (
				1058C7B0FEA5585E11CA2CBB /* Linked Frameworks */,
			);
			name = "External Frameworks and Libraries";
			sourceTree = "<group>";
		};
		089C1665FE841158C02AAC07 /* Resources */ = {
			isa = PBXGroup;
			children = (
				A59B439E181D471800EB0486 /* module.map */,
			);
			name = Resources;
			sourceTree = "<group>";
		};
		1058C7B0FEA5585E11CA2CBB /* Linked Frameworks */ = {
			isa = PBXGroup;
			children = (
				0867D69BFE84028FC02AAC07 /* Foundation.framework */,
			);
			name = "Linked Frameworks";
			sourceTree = "<group>";
		};
		4EACC75D0C02883D006372AD /* Tools */ = {
			isa = PBXGroup;
			children = (
				4EACC75E0C028851006372AD /* gen_bridge_doc.rb */,
				4EACC75F0C028851006372AD /* rb_nibtool.rb */,
				4EACC7600C028851006372AD /* standaloneify.rb */,
			);
			name = Tools;
			sourceTree = "<group>";
		};
		E88C6D57035BB1F5031D1B90 /* objc */ = {
			isa = PBXGroup;
			children = (
				E88C6D67035BB1F5031D1B90 /* RBRuntime.h */,
				E88C6D68035BB1F5031D1B90 /* RBRuntime.m */,
				E88C6D65035BB1F5031D1B90 /* RBObject.h */,
				E88C6D6C035BB1F5031D1B90 /* RubyCocoa.h */,
			);
			name = objc;
			path = src/objc;
			sourceTree = SOURCE_ROOT;
		};
		E8E03A17035D04E103E1EA43 /* src */ = {
			isa = PBXGroup;
			children = (
				E88C6D57035BB1F5031D1B90 /* objc */,
			);
			path = src;
			sourceTree = "<group>";
		};
/* End PBXGroup section */

/* Begin PBXHeadersBuildPhase section */
		FCDF92640A87E09E0002AD01 /* Headers */ = {
			isa = PBXHeadersBuildPhase;
			buildActionMask = 2147483647;
			files = (
				FCDF926A0A87E09E0002AD01 /* RBObject.h in Headers */,
				FCDF926B0A87E09E0002AD01 /* RBRuntime.h in Headers */,
				FCDF926D0A87E09E0002AD01 /* RubyCocoa.h in Headers */,
			);
			runOnlyForDeploymentPostprocessing = 0;
		};
/* End PBXHeadersBuildPhase section */

/* Begin PBXNativeTarget section */
		FCDF92630A87E09E0002AD01 /* RubyCocoa */ = {
			isa = PBXNativeTarget;
			buildConfigurationList = FCDF92A00A87E09E0002AD01 /* Build configuration list for PBXNativeTarget "RubyCocoa" */;
			buildPhases = (
				FCDF92640A87E09E0002AD01 /* Headers */,
				FCDF92740A87E09E0002AD01 /* Resources */,
				4EACC7660C0288C8006372AD /* CopyFiles */,
				FCDF92770A87E09E0002AD01 /* CopyFiles */,
				FCDF927C0A87E09E0002AD01 /* CopyFiles */,
				A59B43A2181D48B000EB0486 /* CopyFiles */,
				FCDF928C0A87E09E0002AD01 /* Sources */,
				FCDF929C0A87E09E0002AD01 /* Frameworks */,
				FCDF929F0A87E09E0002AD01 /* Rez */,
				4D7AD1190BF2994500F1A2C6 /* ShellScript */,
			);
			buildRules = (
			);
			dependencies = (
			);
			name = RubyCocoa;
			productInstallPath = /Library/Frameworks;
			productName = RubyCocoa;
			productReference = FCDF92A50A87E09E0002AD01 /* RubyCocoa.framework */;
			productType = "com.apple.product-type.framework";
		};
/* End PBXNativeTarget section */

/* Begin PBXProject section */
		0867D690FE84028FC02AAC07 /* Project object */ = {
			isa = PBXProject;
			buildConfigurationList = FCDF92590A87DF820002AD01 /* Build configuration list for PBXProject "RubyCocoa" */;
			compatibilityVersion = "Xcode 2.4";
			developmentRegion = English;
			hasScannedForEncodings = 1;
			knownRegions = (
				en,
			);
			mainGroup = 0867D691FE84028FC02AAC07 /* RubyCocoa */;
			productRefGroup = 034768DFFF38A50411DB9C8B /* Products */;
			projectDirPath = "";
			projectRoot = "";
			targets = (
				FCDF92630A87E09E0002AD01 /* RubyCocoa */,
			);
		};
/* End PBXProject section */

/* Begin PBXResourcesBuildPhase section */
		FCDF92740A87E09E0002AD01 /* Resources */ = {
			isa = PBXResourcesBuildPhase;
			buildActionMask = 2147483647;
			files = (
			);
			runOnlyForDeploymentPostprocessing = 0;
		};
/* End PBXResourcesBuildPhase section */

/* Begin PBXRezBuildPhase section */
		FCDF929F0A87E09E0002AD01 /* Rez */ = {
			isa = PBXRezBuildPhase;
			buildActionMask = 2147483647;
			files = (
			);
			runOnlyForDeploymentPostprocessing = 0;
		};
/* End PBXRezBuildPhase section */

/* Begin PBXShellScriptBuildPhase section */
		4D7AD1190BF2994500F1A2C6 /* ShellScript */ = {
			isa = PBXShellScriptBuildPhase;
			buildActionMask = 12;
			files = (
			);
			inputPaths = (
			);
			outputPaths = (
			);
			runOnlyForDeploymentPostprocessing = 0;
			shellPath = /bin/sh;
			shellScript = "if [ -d bridge-support ]; then\n  rm -rf $BUILT_PRODUCTS_DIR/RubyCocoa.framework/Resources/BridgeSupport\n  mkdir -p $BUILT_PRODUCTS_DIR/RubyCocoa.framework/Resources/BridgeSupport\n  cp bridge-support/*.bridgesupport bridge-support/*.dylib $BUILT_PRODUCTS_DIR/RubyCocoa.framework/Resources/BridgeSupport\nfi";
		};
/* End PBXShellScriptBuildPhase section */

/* Begin PBXSourcesBuildPhase section */
		FCDF928C0A87E09E0002AD01 /* Sources */ = {
			isa = PBXSourcesBuildPhase;
			buildActionMask = 2147483647;
			files = (
				FCDF92940A87E09E0002AD01 /* RBRuntime.m in Sources */,
			);
			runOnlyForDeploymentPostprocessing = 0;
		};
/* End PBXSourcesBuildPhase section */

/* Begin XCBuildConfiguration section */
		FCDF925A0A87DF820002AD01 /* Development */ = {
			isa = XCBuildConfiguration;
			baseConfigurationReference = FCDF92610A87E06A0002AD01 /* GeneratedConfig.xcconfig */;
			buildSettings = {
				GCC_MODEL_TUNING = "";
				GCC_OPTIMIZATION_LEVEL = 3;
				PRODUCT_NAME = RubyCocoa;
			};
			name = Development;
		};
		FCDF925B0A87DF820002AD01 /* Deployment */ = {
			isa = XCBuildConfiguration;
			baseConfigurationReference = FCDF92610A87E06A0002AD01 /* GeneratedConfig.xcconfig */;
			buildSettings = {
				GCC_MODEL_TUNING = "";
				GCC_OPTIMIZATION_LEVEL = 3;
				PRODUCT_NAME = RubyCocoa;
			};
			name = Deployment;
		};
		FCDF925C0A87DF820002AD01 /* Default */ = {
			isa = XCBuildConfiguration;
			baseConfigurationReference = FCDF92610A87E06A0002AD01 /* GeneratedConfig.xcconfig */;
			buildSettings = {
				GCC_MODEL_TUNING = "";
				GCC_OPTIMIZATION_LEVEL = 3;
				PRODUCT_NAME = RubyCocoa;
			};
			name = Default;
		};
		FCDF92A10A87E09E0002AD01 /* Development */ = {
			isa = XCBuildConfiguration;
			buildSettings = {
				COPY_PHASE_STRIP = NO;
				DYLIB_COMPATIBILITY_VERSION = 1;
				DYLIB_CURRENT_VERSION = 1;
				FRAMEWORK_SEARCH_PATHS = "";
				GCC_DYNAMIC_NO_PIC = NO;
				GCC_ENABLE_FIX_AND_CONTINUE = YES;
				GCC_GENERATE_DEBUGGING_SYMBOLS = YES;
				GCC_OPTIMIZATION_LEVEL = 0;
				GCC_SYMBOLS_PRIVATE_EXTERN = NO;
				INFOPLIST_FILE = Info.plist;
				INFOPLIST_PREPROCESS = NO;
				OBJROOT = $SRCROOT/build;
				PREBINDING = NO;
				SECTORDER_FLAGS = "";
				SINGLE_MODULE = NO;
				SYMROOT = $SRCROOT/build;
				WARNING_CFLAGS = (
					"-Wmost",
					"-Wno-four-char-constants",
					"-Wno-unknown-pragmas",
				);
				WRAPPER_EXTENSION = framework;
				ZERO_LINK = NO;
			};
			name = Development;
		};
		FCDF92A20A87E09E0002AD01 /* Deployment */ = {
			isa = XCBuildConfiguration;
			buildSettings = {
				COPY_PHASE_STRIP = YES;
				DYLIB_COMPATIBILITY_VERSION = 1;
				DYLIB_CURRENT_VERSION = 1;
				FRAMEWORK_SEARCH_PATHS = "";
				GCC_ENABLE_FIX_AND_CONTINUE = NO;
				GCC_SYMBOLS_PRIVATE_EXTERN = NO;
				INFOPLIST_FILE = Info.plist;
				INFOPLIST_PREPROCESS = NO;
				OBJROOT = $SRCROOT/build;
				PREBINDING = NO;
				SECTORDER_FLAGS = "";
				SINGLE_MODULE = NO;
				SYMROOT = $SRCROOT/build;
				WARNING_CFLAGS = (
					"-Wmost",
					"-Wno-four-char-constants",
					"-Wno-unknown-pragmas",
				);
				WRAPPER_EXTENSION = framework;
				ZERO_LINK = NO;
			};
			name = Deployment;
		};
		FCDF92A30A87E09E0002AD01 /* Default */ = {
			isa = XCBuildConfiguration;
			buildSettings = {
				DYLIB_COMPATIBILITY_VERSION = 1;
				DYLIB_CURRENT_VERSION = 1;
				FRAMEWORK_SEARCH_PATHS = "";
				GCC_SYMBOLS_PRIVATE_EXTERN = NO;
				INFOPLIST_FILE = Info.plist;
				INFOPLIST_PREPROCESS = NO;
				OBJROOT = $SRCROOT/build;
				PREBINDING = NO;
				SECTORDER_FLAGS = "";
				SINGLE_MODULE = NO;
				SYMROOT = $SRCROOT/build;
				WARNING_CFLAGS = (
					"-Wmost",
					"-Wno-four-char-constants",
					"-Wno-unknown-pragmas",
				);
				WRAPPER_EXTENSION = framework;
			};
			name = Default;
		};
/* End XCBuildConfiguration section */

/* Begin XCConfigurationList section */
		FCDF92590A87DF820002AD01 /* Build configuration list for PBXProject "RubyCocoa" */ = {
			isa = XCConfigurationList;
			buildConfigurations = (
				FCDF925A0A87DF820002AD01 /* Development */,
				FCDF925B0A87DF820002AD01 /* Deployment */,
				FCDF925C0A87DF820002AD01 /* Default */,
			);
			defaultConfigurationIsVisible = 0;
			defaultConfigurationName = Default;
		};
		FCDF92A00A87E09E0002AD01 /* Build configuration list for PBXNativeTarget "RubyCocoa" */ = {
			isa = XCConfigurationList;
			buildConfigurations = (
				FCDF92A10A87E09E0002AD01 /* Development */,
				FCDF92A20A87E09E0002AD01 /* Deployment */,
				FCDF92A30A87E09E0002AD01 /* Default */,
			);
			defaultConfigurationIsVisible = 0;
			defaultConfigurationName = Default;
		};
/* End XCConfigurationList section */
	};
	rootObject = 0867D690FE84028FC02AAC07 /* Project object */;
}
